// !$*UTF8*$!
{
	archiveVersion = 1;
	classes = {
	};
	objectVersion = 50;
	objects = {

/* Begin PBXBuildFile section */
		2522FBEF42DD4AB84F0C1512 /* Pods_UISDK_components_sample.framework in Frameworks */ = {isa = PBXBuildFile; fileRef = AB3236B58EF1C26AF7E55AA4 /* Pods_UISDK_components_sample.framework */; };
		2CE6D4D72CFC79865EE87C69 /* Pods_UISDK_components_sample_UISDK_components_sampleUITests.framework in Frameworks */ = {isa = PBXBuildFile; fileRef = F85FDC465EE61D75A8BAAA03 /* Pods_UISDK_components_sample_UISDK_components_sampleUITests.framework */; };
		5CB57DF32562CD6B0052EC29 /* AppDelegate.swift in Sources */ = {isa = PBXBuildFile; fileRef = 5CB57DF22562CD6B0052EC29 /* AppDelegate.swift */; };
		5CB57DF52562CD6B0052EC29 /* ContentView.swift in Sources */ = {isa = PBXBuildFile; fileRef = 5CB57DF42562CD6B0052EC29 /* ContentView.swift */; };
		5CB57DF72562CD6D0052EC29 /* Assets.xcassets in Resources */ = {isa = PBXBuildFile; fileRef = 5CB57DF62562CD6D0052EC29 /* Assets.xcassets */; };
		5CB57DFA2562CD6D0052EC29 /* Preview Assets.xcassets in Resources */ = {isa = PBXBuildFile; fileRef = 5CB57DF92562CD6D0052EC29 /* Preview Assets.xcassets */; };
		5CB57DFD2562CD6D0052EC29 /* Main.storyboard in Resources */ = {isa = PBXBuildFile; fileRef = 5CB57DFB2562CD6D0052EC29 /* Main.storyboard */; };
		5CB57E092562CD6E0052EC29 /* UISDK_components_sampleTests.swift in Sources */ = {isa = PBXBuildFile; fileRef = 5CB57E082562CD6E0052EC29 /* UISDK_components_sampleTests.swift */; };
		5CB57E142562CD6E0052EC29 /* UISDK_components_sampleUITests.swift in Sources */ = {isa = PBXBuildFile; fileRef = 5CB57E132562CD6E0052EC29 /* UISDK_components_sampleUITests.swift */; };
		5CB57E772562CE860052EC29 /* AppDelegate.swift in Sources */ = {isa = PBXBuildFile; fileRef = 5CB57E762562CE860052EC29 /* AppDelegate.swift */; };
		5CB57E792562CE860052EC29 /* SceneDelegate.swift in Sources */ = {isa = PBXBuildFile; fileRef = 5CB57E782562CE860052EC29 /* SceneDelegate.swift */; };
		5CB57E7B2562CE860052EC29 /* ViewController.swift in Sources */ = {isa = PBXBuildFile; fileRef = 5CB57E7A2562CE860052EC29 /* ViewController.swift */; };
		5CB57E802562CE870052EC29 /* Assets.xcassets in Resources */ = {isa = PBXBuildFile; fileRef = 5CB57E7F2562CE870052EC29 /* Assets.xcassets */; };
		5CB57E832562CE870052EC29 /* LaunchScreen.storyboard in Resources */ = {isa = PBXBuildFile; fileRef = 5CB57E812562CE870052EC29 /* LaunchScreen.storyboard */; };
		5CB57E8E2562CE870052EC29 /* UIKit_Karhoo_ComponentTests.swift in Sources */ = {isa = PBXBuildFile; fileRef = 5CB57E8D2562CE870052EC29 /* UIKit_Karhoo_ComponentTests.swift */; };
		5CB57E992562CE870052EC29 /* UIKit_Karhoo_ComponentUITests.swift in Sources */ = {isa = PBXBuildFile; fileRef = 5CB57E982562CE870052EC29 /* UIKit_Karhoo_ComponentUITests.swift */; };
		9D9098B9AD9068352DF3BE20 /* Pods_UISDK_components_sampleTests.framework in Frameworks */ = {isa = PBXBuildFile; fileRef = 0B7CBA1090734955454BDDD0 /* Pods_UISDK_components_sampleTests.framework */; };
		A8379029EA5BA88B2B659E75 /* Pods_UIKit_Karhoo_ComponentTests.framework in Frameworks */ = {isa = PBXBuildFile; fileRef = 443FC9BE8977F842585FB5C6 /* Pods_UIKit_Karhoo_ComponentTests.framework */; };
		ACA234F05AA33B7A93161A1B /* Pods_UIKit_Karhoo_Component_UIKit_Karhoo_ComponentUITests.framework in Frameworks */ = {isa = PBXBuildFile; fileRef = EEA2677591EABF0BC8B5418E /* Pods_UIKit_Karhoo_Component_UIKit_Karhoo_ComponentUITests.framework */; };
		DCE215BAAB43710253A80083 /* Pods_UIKit_Karhoo_Component.framework in Frameworks */ = {isa = PBXBuildFile; fileRef = 5313C7E03C7991DE6E06B70B /* Pods_UIKit_Karhoo_Component.framework */; };
/* End PBXBuildFile section */

/* Begin PBXContainerItemProxy section */
		5CB57E052562CD6E0052EC29 /* PBXContainerItemProxy */ = {
			isa = PBXContainerItemProxy;
			containerPortal = 5CB57DE72562CD6B0052EC29 /* Project object */;
			proxyType = 1;
			remoteGlobalIDString = 5CB57DEE2562CD6B0052EC29;
			remoteInfo = "UISDK components sample";
		};
		5CB57E102562CD6E0052EC29 /* PBXContainerItemProxy */ = {
			isa = PBXContainerItemProxy;
			containerPortal = 5CB57DE72562CD6B0052EC29 /* Project object */;
			proxyType = 1;
			remoteGlobalIDString = 5CB57DEE2562CD6B0052EC29;
			remoteInfo = "UISDK components sample";
		};
		5CB57E8A2562CE870052EC29 /* PBXContainerItemProxy */ = {
			isa = PBXContainerItemProxy;
			containerPortal = 5CB57DE72562CD6B0052EC29 /* Project object */;
			proxyType = 1;
			remoteGlobalIDString = 5CB57E732562CE860052EC29;
			remoteInfo = "UIKit Karhoo Component";
		};
		5CB57E952562CE870052EC29 /* PBXContainerItemProxy */ = {
			isa = PBXContainerItemProxy;
			containerPortal = 5CB57DE72562CD6B0052EC29 /* Project object */;
			proxyType = 1;
			remoteGlobalIDString = 5CB57E732562CE860052EC29;
			remoteInfo = "UIKit Karhoo Component";
		};
/* End PBXContainerItemProxy section */

/* Begin PBXFileReference section */
		0B7CBA1090734955454BDDD0 /* Pods_UISDK_components_sampleTests.framework */ = {isa = PBXFileReference; explicitFileType = wrapper.framework; includeInIndex = 0; path = Pods_UISDK_components_sampleTests.framework; sourceTree = BUILT_PRODUCTS_DIR; };
		10BE01C6E584D08C274A55A6 /* Pods-UISDK components sampleTests.debug.xcconfig */ = {isa = PBXFileReference; includeInIndex = 1; lastKnownFileType = text.xcconfig; name = "Pods-UISDK components sampleTests.debug.xcconfig"; path = "Target Support Files/Pods-UISDK components sampleTests/Pods-UISDK components sampleTests.debug.xcconfig"; sourceTree = "<group>"; };
		2CEEC64344494F411EC567DD /* Pods-UIKit Karhoo ComponentTests.release.xcconfig */ = {isa = PBXFileReference; includeInIndex = 1; lastKnownFileType = text.xcconfig; name = "Pods-UIKit Karhoo ComponentTests.release.xcconfig"; path = "Target Support Files/Pods-UIKit Karhoo ComponentTests/Pods-UIKit Karhoo ComponentTests.release.xcconfig"; sourceTree = "<group>"; };
		3AA5D11D35641A21AB5FEA0D /* Pods-UIKit Karhoo Component.debug.xcconfig */ = {isa = PBXFileReference; includeInIndex = 1; lastKnownFileType = text.xcconfig; name = "Pods-UIKit Karhoo Component.debug.xcconfig"; path = "Target Support Files/Pods-UIKit Karhoo Component/Pods-UIKit Karhoo Component.debug.xcconfig"; sourceTree = "<group>"; };
		443FC9BE8977F842585FB5C6 /* Pods_UIKit_Karhoo_ComponentTests.framework */ = {isa = PBXFileReference; explicitFileType = wrapper.framework; includeInIndex = 0; path = Pods_UIKit_Karhoo_ComponentTests.framework; sourceTree = BUILT_PRODUCTS_DIR; };
		5090EBE385878EB1EF762AD9 /* Pods-UIKit Karhoo Component-UIKit Karhoo ComponentUITests.debug.xcconfig */ = {isa = PBXFileReference; includeInIndex = 1; lastKnownFileType = text.xcconfig; name = "Pods-UIKit Karhoo Component-UIKit Karhoo ComponentUITests.debug.xcconfig"; path = "Target Support Files/Pods-UIKit Karhoo Component-UIKit Karhoo ComponentUITests/Pods-UIKit Karhoo Component-UIKit Karhoo ComponentUITests.debug.xcconfig"; sourceTree = "<group>"; };
		5313C7E03C7991DE6E06B70B /* Pods_UIKit_Karhoo_Component.framework */ = {isa = PBXFileReference; explicitFileType = wrapper.framework; includeInIndex = 0; path = Pods_UIKit_Karhoo_Component.framework; sourceTree = BUILT_PRODUCTS_DIR; };
		5CB57DEF2562CD6B0052EC29 /* UISDK components sample.app */ = {isa = PBXFileReference; explicitFileType = wrapper.application; includeInIndex = 0; path = "UISDK components sample.app"; sourceTree = BUILT_PRODUCTS_DIR; };
		5CB57DF22562CD6B0052EC29 /* AppDelegate.swift */ = {isa = PBXFileReference; lastKnownFileType = sourcecode.swift; path = AppDelegate.swift; sourceTree = "<group>"; };
		5CB57DF42562CD6B0052EC29 /* ContentView.swift */ = {isa = PBXFileReference; lastKnownFileType = sourcecode.swift; path = ContentView.swift; sourceTree = "<group>"; };
		5CB57DF62562CD6D0052EC29 /* Assets.xcassets */ = {isa = PBXFileReference; lastKnownFileType = folder.assetcatalog; path = Assets.xcassets; sourceTree = "<group>"; };
		5CB57DF92562CD6D0052EC29 /* Preview Assets.xcassets */ = {isa = PBXFileReference; lastKnownFileType = folder.assetcatalog; path = "Preview Assets.xcassets"; sourceTree = "<group>"; };
		5CB57DFC2562CD6D0052EC29 /* Base */ = {isa = PBXFileReference; lastKnownFileType = file.storyboard; name = Base; path = Base.lproj/Main.storyboard; sourceTree = "<group>"; };
		5CB57DFE2562CD6D0052EC29 /* Info.plist */ = {isa = PBXFileReference; lastKnownFileType = text.plist.xml; path = Info.plist; sourceTree = "<group>"; };
		5CB57DFF2562CD6D0052EC29 /* UISDK_components_sample.entitlements */ = {isa = PBXFileReference; lastKnownFileType = text.plist.entitlements; path = UISDK_components_sample.entitlements; sourceTree = "<group>"; };
		5CB57E042562CD6E0052EC29 /* UISDK components sampleTests.xctest */ = {isa = PBXFileReference; explicitFileType = wrapper.cfbundle; includeInIndex = 0; path = "UISDK components sampleTests.xctest"; sourceTree = BUILT_PRODUCTS_DIR; };
		5CB57E082562CD6E0052EC29 /* UISDK_components_sampleTests.swift */ = {isa = PBXFileReference; lastKnownFileType = sourcecode.swift; path = UISDK_components_sampleTests.swift; sourceTree = "<group>"; };
		5CB57E0A2562CD6E0052EC29 /* Info.plist */ = {isa = PBXFileReference; lastKnownFileType = text.plist.xml; path = Info.plist; sourceTree = "<group>"; };
		5CB57E0F2562CD6E0052EC29 /* UISDK components sampleUITests.xctest */ = {isa = PBXFileReference; explicitFileType = wrapper.cfbundle; includeInIndex = 0; path = "UISDK components sampleUITests.xctest"; sourceTree = BUILT_PRODUCTS_DIR; };
		5CB57E132562CD6E0052EC29 /* UISDK_components_sampleUITests.swift */ = {isa = PBXFileReference; lastKnownFileType = sourcecode.swift; path = UISDK_components_sampleUITests.swift; sourceTree = "<group>"; };
		5CB57E152562CD6E0052EC29 /* Info.plist */ = {isa = PBXFileReference; lastKnownFileType = text.plist.xml; path = Info.plist; sourceTree = "<group>"; };
		5CB57E742562CE860052EC29 /* UIKit Karhoo Component.app */ = {isa = PBXFileReference; explicitFileType = wrapper.application; includeInIndex = 0; path = "UIKit Karhoo Component.app"; sourceTree = BUILT_PRODUCTS_DIR; };
		5CB57E762562CE860052EC29 /* AppDelegate.swift */ = {isa = PBXFileReference; lastKnownFileType = sourcecode.swift; path = AppDelegate.swift; sourceTree = "<group>"; };
		5CB57E782562CE860052EC29 /* SceneDelegate.swift */ = {isa = PBXFileReference; lastKnownFileType = sourcecode.swift; path = SceneDelegate.swift; sourceTree = "<group>"; };
		5CB57E7A2562CE860052EC29 /* ViewController.swift */ = {isa = PBXFileReference; lastKnownFileType = sourcecode.swift; path = ViewController.swift; sourceTree = "<group>"; };
		5CB57E7F2562CE870052EC29 /* Assets.xcassets */ = {isa = PBXFileReference; lastKnownFileType = folder.assetcatalog; path = Assets.xcassets; sourceTree = "<group>"; };
		5CB57E822562CE870052EC29 /* Base */ = {isa = PBXFileReference; lastKnownFileType = file.storyboard; name = Base; path = Base.lproj/LaunchScreen.storyboard; sourceTree = "<group>"; };
		5CB57E842562CE870052EC29 /* Info.plist */ = {isa = PBXFileReference; lastKnownFileType = text.plist.xml; path = Info.plist; sourceTree = "<group>"; };
		5CB57E892562CE870052EC29 /* UIKit Karhoo ComponentTests.xctest */ = {isa = PBXFileReference; explicitFileType = wrapper.cfbundle; includeInIndex = 0; path = "UIKit Karhoo ComponentTests.xctest"; sourceTree = BUILT_PRODUCTS_DIR; };
		5CB57E8D2562CE870052EC29 /* UIKit_Karhoo_ComponentTests.swift */ = {isa = PBXFileReference; lastKnownFileType = sourcecode.swift; path = UIKit_Karhoo_ComponentTests.swift; sourceTree = "<group>"; };
		5CB57E8F2562CE870052EC29 /* Info.plist */ = {isa = PBXFileReference; lastKnownFileType = text.plist.xml; path = Info.plist; sourceTree = "<group>"; };
		5CB57E942562CE870052EC29 /* UIKit Karhoo ComponentUITests.xctest */ = {isa = PBXFileReference; explicitFileType = wrapper.cfbundle; includeInIndex = 0; path = "UIKit Karhoo ComponentUITests.xctest"; sourceTree = BUILT_PRODUCTS_DIR; };
		5CB57E982562CE870052EC29 /* UIKit_Karhoo_ComponentUITests.swift */ = {isa = PBXFileReference; lastKnownFileType = sourcecode.swift; path = UIKit_Karhoo_ComponentUITests.swift; sourceTree = "<group>"; };
		5CB57E9A2562CE870052EC29 /* Info.plist */ = {isa = PBXFileReference; lastKnownFileType = text.plist.xml; path = Info.plist; sourceTree = "<group>"; };
		6BB8B7E56D24B0121E89DB10 /* Pods-UISDK components sample-UISDK components sampleUITests.release.xcconfig */ = {isa = PBXFileReference; includeInIndex = 1; lastKnownFileType = text.xcconfig; name = "Pods-UISDK components sample-UISDK components sampleUITests.release.xcconfig"; path = "Target Support Files/Pods-UISDK components sample-UISDK components sampleUITests/Pods-UISDK components sample-UISDK components sampleUITests.release.xcconfig"; sourceTree = "<group>"; };
		8BC5ECF88704955A6D419FA0 /* Pods-UISDK components sample.release.xcconfig */ = {isa = PBXFileReference; includeInIndex = 1; lastKnownFileType = text.xcconfig; name = "Pods-UISDK components sample.release.xcconfig"; path = "Target Support Files/Pods-UISDK components sample/Pods-UISDK components sample.release.xcconfig"; sourceTree = "<group>"; };
		AB3236B58EF1C26AF7E55AA4 /* Pods_UISDK_components_sample.framework */ = {isa = PBXFileReference; explicitFileType = wrapper.framework; includeInIndex = 0; path = Pods_UISDK_components_sample.framework; sourceTree = BUILT_PRODUCTS_DIR; };
		C1533D95E4CD5B4F665B9A5F /* Pods-UISDK components sample.debug.xcconfig */ = {isa = PBXFileReference; includeInIndex = 1; lastKnownFileType = text.xcconfig; name = "Pods-UISDK components sample.debug.xcconfig"; path = "Target Support Files/Pods-UISDK components sample/Pods-UISDK components sample.debug.xcconfig"; sourceTree = "<group>"; };
		C6E00ECD335520240494454B /* Pods-UIKit Karhoo Component-UIKit Karhoo ComponentUITests.release.xcconfig */ = {isa = PBXFileReference; includeInIndex = 1; lastKnownFileType = text.xcconfig; name = "Pods-UIKit Karhoo Component-UIKit Karhoo ComponentUITests.release.xcconfig"; path = "Target Support Files/Pods-UIKit Karhoo Component-UIKit Karhoo ComponentUITests/Pods-UIKit Karhoo Component-UIKit Karhoo ComponentUITests.release.xcconfig"; sourceTree = "<group>"; };
		C93FE4416F79D495A3D8BE38 /* Pods-UIKit Karhoo ComponentTests.debug.xcconfig */ = {isa = PBXFileReference; includeInIndex = 1; lastKnownFileType = text.xcconfig; name = "Pods-UIKit Karhoo ComponentTests.debug.xcconfig"; path = "Target Support Files/Pods-UIKit Karhoo ComponentTests/Pods-UIKit Karhoo ComponentTests.debug.xcconfig"; sourceTree = "<group>"; };
		DF6CE3048AAC49F4490448CE /* Pods-UIKit Karhoo Component.release.xcconfig */ = {isa = PBXFileReference; includeInIndex = 1; lastKnownFileType = text.xcconfig; name = "Pods-UIKit Karhoo Component.release.xcconfig"; path = "Target Support Files/Pods-UIKit Karhoo Component/Pods-UIKit Karhoo Component.release.xcconfig"; sourceTree = "<group>"; };
		E7CCD576876702B3203EF513 /* Pods-UISDK components sample-UISDK components sampleUITests.debug.xcconfig */ = {isa = PBXFileReference; includeInIndex = 1; lastKnownFileType = text.xcconfig; name = "Pods-UISDK components sample-UISDK components sampleUITests.debug.xcconfig"; path = "Target Support Files/Pods-UISDK components sample-UISDK components sampleUITests/Pods-UISDK components sample-UISDK components sampleUITests.debug.xcconfig"; sourceTree = "<group>"; };
		EEA2677591EABF0BC8B5418E /* Pods_UIKit_Karhoo_Component_UIKit_Karhoo_ComponentUITests.framework */ = {isa = PBXFileReference; explicitFileType = wrapper.framework; includeInIndex = 0; path = Pods_UIKit_Karhoo_Component_UIKit_Karhoo_ComponentUITests.framework; sourceTree = BUILT_PRODUCTS_DIR; };
		F5DE1FC4CB0B1A3722594A51 /* Pods-UISDK components sampleTests.release.xcconfig */ = {isa = PBXFileReference; includeInIndex = 1; lastKnownFileType = text.xcconfig; name = "Pods-UISDK components sampleTests.release.xcconfig"; path = "Target Support Files/Pods-UISDK components sampleTests/Pods-UISDK components sampleTests.release.xcconfig"; sourceTree = "<group>"; };
		F85FDC465EE61D75A8BAAA03 /* Pods_UISDK_components_sample_UISDK_components_sampleUITests.framework */ = {isa = PBXFileReference; explicitFileType = wrapper.framework; includeInIndex = 0; path = Pods_UISDK_components_sample_UISDK_components_sampleUITests.framework; sourceTree = BUILT_PRODUCTS_DIR; };
/* End PBXFileReference section */

/* Begin PBXFrameworksBuildPhase section */
		5CB57DEC2562CD6B0052EC29 /* Frameworks */ = {
			isa = PBXFrameworksBuildPhase;
			buildActionMask = 2147483647;
			files = (
				2522FBEF42DD4AB84F0C1512 /* Pods_UISDK_components_sample.framework in Frameworks */,
			);
			runOnlyForDeploymentPostprocessing = 0;
		};
		5CB57E012562CD6E0052EC29 /* Frameworks */ = {
			isa = PBXFrameworksBuildPhase;
			buildActionMask = 2147483647;
			files = (
				9D9098B9AD9068352DF3BE20 /* Pods_UISDK_components_sampleTests.framework in Frameworks */,
			);
			runOnlyForDeploymentPostprocessing = 0;
		};
		5CB57E0C2562CD6E0052EC29 /* Frameworks */ = {
			isa = PBXFrameworksBuildPhase;
			buildActionMask = 2147483647;
			files = (
				2CE6D4D72CFC79865EE87C69 /* Pods_UISDK_components_sample_UISDK_components_sampleUITests.framework in Frameworks */,
			);
			runOnlyForDeploymentPostprocessing = 0;
		};
		5CB57E712562CE860052EC29 /* Frameworks */ = {
			isa = PBXFrameworksBuildPhase;
			buildActionMask = 2147483647;
			files = (
				DCE215BAAB43710253A80083 /* Pods_UIKit_Karhoo_Component.framework in Frameworks */,
			);
			runOnlyForDeploymentPostprocessing = 0;
		};
		5CB57E862562CE870052EC29 /* Frameworks */ = {
			isa = PBXFrameworksBuildPhase;
			buildActionMask = 2147483647;
			files = (
				A8379029EA5BA88B2B659E75 /* Pods_UIKit_Karhoo_ComponentTests.framework in Frameworks */,
			);
			runOnlyForDeploymentPostprocessing = 0;
		};
		5CB57E912562CE870052EC29 /* Frameworks */ = {
			isa = PBXFrameworksBuildPhase;
			buildActionMask = 2147483647;
			files = (
				ACA234F05AA33B7A93161A1B /* Pods_UIKit_Karhoo_Component_UIKit_Karhoo_ComponentUITests.framework in Frameworks */,
			);
			runOnlyForDeploymentPostprocessing = 0;
		};
/* End PBXFrameworksBuildPhase section */

/* Begin PBXGroup section */
		5CB57DE62562CD6B0052EC29 = {
			isa = PBXGroup;
			children = (
				5CB57DF12562CD6B0052EC29 /* UISDK components sample */,
				5CB57E072562CD6E0052EC29 /* UISDK components sampleTests */,
				5CB57E122562CD6E0052EC29 /* UISDK components sampleUITests */,
				5CB57E752562CE860052EC29 /* UIKit Karhoo Component */,
				5CB57E8C2562CE870052EC29 /* UIKit Karhoo ComponentTests */,
				5CB57E972562CE870052EC29 /* UIKit Karhoo ComponentUITests */,
				5CB57DF02562CD6B0052EC29 /* Products */,
				9444C8F2B5DC17D843130F72 /* Pods */,
				88F1FCBB1EC75748E35B1E0A /* Frameworks */,
			);
			sourceTree = "<group>";
		};
		5CB57DF02562CD6B0052EC29 /* Products */ = {
			isa = PBXGroup;
			children = (
				5CB57DEF2562CD6B0052EC29 /* UISDK components sample.app */,
				5CB57E042562CD6E0052EC29 /* UISDK components sampleTests.xctest */,
				5CB57E0F2562CD6E0052EC29 /* UISDK components sampleUITests.xctest */,
				5CB57E742562CE860052EC29 /* UIKit Karhoo Component.app */,
				5CB57E892562CE870052EC29 /* UIKit Karhoo ComponentTests.xctest */,
				5CB57E942562CE870052EC29 /* UIKit Karhoo ComponentUITests.xctest */,
			);
			name = Products;
			sourceTree = "<group>";
		};
		5CB57DF12562CD6B0052EC29 /* UISDK components sample */ = {
			isa = PBXGroup;
			children = (
				5CB57DF22562CD6B0052EC29 /* AppDelegate.swift */,
				5CB57DF42562CD6B0052EC29 /* ContentView.swift */,
				5CB57DF62562CD6D0052EC29 /* Assets.xcassets */,
				5CB57DFB2562CD6D0052EC29 /* Main.storyboard */,
				5CB57DFE2562CD6D0052EC29 /* Info.plist */,
				5CB57DFF2562CD6D0052EC29 /* UISDK_components_sample.entitlements */,
				5CB57DF82562CD6D0052EC29 /* Preview Content */,
			);
			path = "UISDK components sample";
			sourceTree = "<group>";
		};
		5CB57DF82562CD6D0052EC29 /* Preview Content */ = {
			isa = PBXGroup;
			children = (
				5CB57DF92562CD6D0052EC29 /* Preview Assets.xcassets */,
			);
			path = "Preview Content";
			sourceTree = "<group>";
		};
		5CB57E072562CD6E0052EC29 /* UISDK components sampleTests */ = {
			isa = PBXGroup;
			children = (
				5CB57E082562CD6E0052EC29 /* UISDK_components_sampleTests.swift */,
				5CB57E0A2562CD6E0052EC29 /* Info.plist */,
			);
			path = "UISDK components sampleTests";
			sourceTree = "<group>";
		};
		5CB57E122562CD6E0052EC29 /* UISDK components sampleUITests */ = {
			isa = PBXGroup;
			children = (
				5CB57E132562CD6E0052EC29 /* UISDK_components_sampleUITests.swift */,
				5CB57E152562CD6E0052EC29 /* Info.plist */,
			);
			path = "UISDK components sampleUITests";
			sourceTree = "<group>";
		};
		5CB57E752562CE860052EC29 /* UIKit Karhoo Component */ = {
			isa = PBXGroup;
			children = (
				5CB57E762562CE860052EC29 /* AppDelegate.swift */,
				5CB57E782562CE860052EC29 /* SceneDelegate.swift */,
				5CB57E7A2562CE860052EC29 /* ViewController.swift */,
				5CB57E7F2562CE870052EC29 /* Assets.xcassets */,
				5CB57E812562CE870052EC29 /* LaunchScreen.storyboard */,
				5CB57E842562CE870052EC29 /* Info.plist */,
			);
			path = "UIKit Karhoo Component";
			sourceTree = "<group>";
		};
		5CB57E8C2562CE870052EC29 /* UIKit Karhoo ComponentTests */ = {
			isa = PBXGroup;
			children = (
				5CB57E8D2562CE870052EC29 /* UIKit_Karhoo_ComponentTests.swift */,
				5CB57E8F2562CE870052EC29 /* Info.plist */,
			);
			path = "UIKit Karhoo ComponentTests";
			sourceTree = "<group>";
		};
		5CB57E972562CE870052EC29 /* UIKit Karhoo ComponentUITests */ = {
			isa = PBXGroup;
			children = (
				5CB57E982562CE870052EC29 /* UIKit_Karhoo_ComponentUITests.swift */,
				5CB57E9A2562CE870052EC29 /* Info.plist */,
			);
			path = "UIKit Karhoo ComponentUITests";
			sourceTree = "<group>";
		};
		88F1FCBB1EC75748E35B1E0A /* Frameworks */ = {
			isa = PBXGroup;
			children = (
				5313C7E03C7991DE6E06B70B /* Pods_UIKit_Karhoo_Component.framework */,
				EEA2677591EABF0BC8B5418E /* Pods_UIKit_Karhoo_Component_UIKit_Karhoo_ComponentUITests.framework */,
				443FC9BE8977F842585FB5C6 /* Pods_UIKit_Karhoo_ComponentTests.framework */,
				AB3236B58EF1C26AF7E55AA4 /* Pods_UISDK_components_sample.framework */,
				F85FDC465EE61D75A8BAAA03 /* Pods_UISDK_components_sample_UISDK_components_sampleUITests.framework */,
				0B7CBA1090734955454BDDD0 /* Pods_UISDK_components_sampleTests.framework */,
			);
			name = Frameworks;
			sourceTree = "<group>";
		};
		9444C8F2B5DC17D843130F72 /* Pods */ = {
			isa = PBXGroup;
			children = (
				3AA5D11D35641A21AB5FEA0D /* Pods-UIKit Karhoo Component.debug.xcconfig */,
				DF6CE3048AAC49F4490448CE /* Pods-UIKit Karhoo Component.release.xcconfig */,
				5090EBE385878EB1EF762AD9 /* Pods-UIKit Karhoo Component-UIKit Karhoo ComponentUITests.debug.xcconfig */,
				C6E00ECD335520240494454B /* Pods-UIKit Karhoo Component-UIKit Karhoo ComponentUITests.release.xcconfig */,
				C93FE4416F79D495A3D8BE38 /* Pods-UIKit Karhoo ComponentTests.debug.xcconfig */,
				2CEEC64344494F411EC567DD /* Pods-UIKit Karhoo ComponentTests.release.xcconfig */,
				C1533D95E4CD5B4F665B9A5F /* Pods-UISDK components sample.debug.xcconfig */,
				8BC5ECF88704955A6D419FA0 /* Pods-UISDK components sample.release.xcconfig */,
				E7CCD576876702B3203EF513 /* Pods-UISDK components sample-UISDK components sampleUITests.debug.xcconfig */,
				6BB8B7E56D24B0121E89DB10 /* Pods-UISDK components sample-UISDK components sampleUITests.release.xcconfig */,
				10BE01C6E584D08C274A55A6 /* Pods-UISDK components sampleTests.debug.xcconfig */,
				F5DE1FC4CB0B1A3722594A51 /* Pods-UISDK components sampleTests.release.xcconfig */,
			);
			name = Pods;
			path = Pods;
			sourceTree = "<group>";
		};
/* End PBXGroup section */

/* Begin PBXNativeTarget section */
		5CB57DEE2562CD6B0052EC29 /* UISDK components sample */ = {
			isa = PBXNativeTarget;
			buildConfigurationList = 5CB57E182562CD6E0052EC29 /* Build configuration list for PBXNativeTarget "UISDK components sample" */;
			buildPhases = (
				1DA3E6F5C4C9364D96A7FF0F /* [CP] Check Pods Manifest.lock */,
				5CB57DEB2562CD6B0052EC29 /* Sources */,
				5CB57DEC2562CD6B0052EC29 /* Frameworks */,
				5CB57DED2562CD6B0052EC29 /* Resources */,
			);
			buildRules = (
			);
			dependencies = (
			);
			name = "UISDK components sample";
			productName = "UISDK components sample";
			productReference = 5CB57DEF2562CD6B0052EC29 /* UISDK components sample.app */;
			productType = "com.apple.product-type.application";
		};
		5CB57E032562CD6E0052EC29 /* UISDK components sampleTests */ = {
			isa = PBXNativeTarget;
			buildConfigurationList = 5CB57E1B2562CD6E0052EC29 /* Build configuration list for PBXNativeTarget "UISDK components sampleTests" */;
			buildPhases = (
				D5DF327517160DBBA4B6A802 /* [CP] Check Pods Manifest.lock */,
				5CB57E002562CD6E0052EC29 /* Sources */,
				5CB57E012562CD6E0052EC29 /* Frameworks */,
				5CB57E022562CD6E0052EC29 /* Resources */,
			);
			buildRules = (
			);
			dependencies = (
				5CB57E062562CD6E0052EC29 /* PBXTargetDependency */,
			);
			name = "UISDK components sampleTests";
			productName = "UISDK components sampleTests";
			productReference = 5CB57E042562CD6E0052EC29 /* UISDK components sampleTests.xctest */;
			productType = "com.apple.product-type.bundle.unit-test";
		};
		5CB57E0E2562CD6E0052EC29 /* UISDK components sampleUITests */ = {
			isa = PBXNativeTarget;
			buildConfigurationList = 5CB57E1E2562CD6E0052EC29 /* Build configuration list for PBXNativeTarget "UISDK components sampleUITests" */;
			buildPhases = (
				CEFA1E39D54ADA9F86F1112A /* [CP] Check Pods Manifest.lock */,
				5CB57E0B2562CD6E0052EC29 /* Sources */,
				5CB57E0C2562CD6E0052EC29 /* Frameworks */,
				5CB57E0D2562CD6E0052EC29 /* Resources */,
			);
			buildRules = (
			);
			dependencies = (
				5CB57E112562CD6E0052EC29 /* PBXTargetDependency */,
			);
			name = "UISDK components sampleUITests";
			productName = "UISDK components sampleUITests";
			productReference = 5CB57E0F2562CD6E0052EC29 /* UISDK components sampleUITests.xctest */;
			productType = "com.apple.product-type.bundle.ui-testing";
		};
		5CB57E732562CE860052EC29 /* UIKit Karhoo Component */ = {
			isa = PBXNativeTarget;
			buildConfigurationList = 5CB57E9B2562CE870052EC29 /* Build configuration list for PBXNativeTarget "UIKit Karhoo Component" */;
			buildPhases = (
				BB900A84987C0DDE9924328F /* [CP] Check Pods Manifest.lock */,
				5CB57E702562CE860052EC29 /* Sources */,
				5CB57E712562CE860052EC29 /* Frameworks */,
				5CB57E722562CE860052EC29 /* Resources */,
				830CF8288E8BD7A0AF51B6E2 /* [CP] Embed Pods Frameworks */,
			);
			buildRules = (
			);
			dependencies = (
			);
			name = "UIKit Karhoo Component";
			productName = "UIKit Karhoo Component";
			productReference = 5CB57E742562CE860052EC29 /* UIKit Karhoo Component.app */;
			productType = "com.apple.product-type.application";
		};
		5CB57E882562CE870052EC29 /* UIKit Karhoo ComponentTests */ = {
			isa = PBXNativeTarget;
			buildConfigurationList = 5CB57E9E2562CE870052EC29 /* Build configuration list for PBXNativeTarget "UIKit Karhoo ComponentTests" */;
			buildPhases = (
				C10607E7477EC28F3E751BC5 /* [CP] Check Pods Manifest.lock */,
				5CB57E852562CE870052EC29 /* Sources */,
				5CB57E862562CE870052EC29 /* Frameworks */,
				5CB57E872562CE870052EC29 /* Resources */,
			);
			buildRules = (
			);
			dependencies = (
				5CB57E8B2562CE870052EC29 /* PBXTargetDependency */,
			);
			name = "UIKit Karhoo ComponentTests";
			productName = "UIKit Karhoo ComponentTests";
			productReference = 5CB57E892562CE870052EC29 /* UIKit Karhoo ComponentTests.xctest */;
			productType = "com.apple.product-type.bundle.unit-test";
		};
		5CB57E932562CE870052EC29 /* UIKit Karhoo ComponentUITests */ = {
			isa = PBXNativeTarget;
			buildConfigurationList = 5CB57EA12562CE870052EC29 /* Build configuration list for PBXNativeTarget "UIKit Karhoo ComponentUITests" */;
			buildPhases = (
				4C72B168B2F2819AD3C140E3 /* [CP] Check Pods Manifest.lock */,
				5CB57E902562CE870052EC29 /* Sources */,
				5CB57E912562CE870052EC29 /* Frameworks */,
				5CB57E922562CE870052EC29 /* Resources */,
				4A0E64F3C357B07E1FACE1E0 /* [CP] Embed Pods Frameworks */,
			);
			buildRules = (
			);
			dependencies = (
				5CB57E962562CE870052EC29 /* PBXTargetDependency */,
			);
			name = "UIKit Karhoo ComponentUITests";
			productName = "UIKit Karhoo ComponentUITests";
			productReference = 5CB57E942562CE870052EC29 /* UIKit Karhoo ComponentUITests.xctest */;
			productType = "com.apple.product-type.bundle.ui-testing";
		};
/* End PBXNativeTarget section */

/* Begin PBXProject section */
		5CB57DE72562CD6B0052EC29 /* Project object */ = {
			isa = PBXProject;
			attributes = {
				LastSwiftUpdateCheck = 1200;
				LastUpgradeCheck = 1200;
				TargetAttributes = {
					5CB57DEE2562CD6B0052EC29 = {
						CreatedOnToolsVersion = 12.0;
					};
					5CB57E032562CD6E0052EC29 = {
						CreatedOnToolsVersion = 12.0;
						TestTargetID = 5CB57DEE2562CD6B0052EC29;
					};
					5CB57E0E2562CD6E0052EC29 = {
						CreatedOnToolsVersion = 12.0;
						TestTargetID = 5CB57DEE2562CD6B0052EC29;
					};
					5CB57E732562CE860052EC29 = {
						CreatedOnToolsVersion = 12.0;
					};
					5CB57E882562CE870052EC29 = {
						CreatedOnToolsVersion = 12.0;
						TestTargetID = 5CB57E732562CE860052EC29;
					};
					5CB57E932562CE870052EC29 = {
						CreatedOnToolsVersion = 12.0;
						TestTargetID = 5CB57E732562CE860052EC29;
					};
				};
			};
			buildConfigurationList = 5CB57DEA2562CD6B0052EC29 /* Build configuration list for PBXProject "UISDK components sample" */;
			compatibilityVersion = "Xcode 9.3";
			developmentRegion = en;
			hasScannedForEncodings = 0;
			knownRegions = (
				en,
				Base,
			);
			mainGroup = 5CB57DE62562CD6B0052EC29;
			productRefGroup = 5CB57DF02562CD6B0052EC29 /* Products */;
			projectDirPath = "";
			projectRoot = "";
			targets = (
				5CB57DEE2562CD6B0052EC29 /* UISDK components sample */,
				5CB57E032562CD6E0052EC29 /* UISDK components sampleTests */,
				5CB57E0E2562CD6E0052EC29 /* UISDK components sampleUITests */,
				5CB57E732562CE860052EC29 /* UIKit Karhoo Component */,
				5CB57E882562CE870052EC29 /* UIKit Karhoo ComponentTests */,
				5CB57E932562CE870052EC29 /* UIKit Karhoo ComponentUITests */,
			);
		};
/* End PBXProject section */

/* Begin PBXResourcesBuildPhase section */
		5CB57DED2562CD6B0052EC29 /* Resources */ = {
			isa = PBXResourcesBuildPhase;
			buildActionMask = 2147483647;
			files = (
				5CB57DFD2562CD6D0052EC29 /* Main.storyboard in Resources */,
				5CB57DFA2562CD6D0052EC29 /* Preview Assets.xcassets in Resources */,
				5CB57DF72562CD6D0052EC29 /* Assets.xcassets in Resources */,
			);
			runOnlyForDeploymentPostprocessing = 0;
		};
		5CB57E022562CD6E0052EC29 /* Resources */ = {
			isa = PBXResourcesBuildPhase;
			buildActionMask = 2147483647;
			files = (
			);
			runOnlyForDeploymentPostprocessing = 0;
		};
		5CB57E0D2562CD6E0052EC29 /* Resources */ = {
			isa = PBXResourcesBuildPhase;
			buildActionMask = 2147483647;
			files = (
			);
			runOnlyForDeploymentPostprocessing = 0;
		};
		5CB57E722562CE860052EC29 /* Resources */ = {
			isa = PBXResourcesBuildPhase;
			buildActionMask = 2147483647;
			files = (
				5CB57E832562CE870052EC29 /* LaunchScreen.storyboard in Resources */,
				5CB57E802562CE870052EC29 /* Assets.xcassets in Resources */,
			);
			runOnlyForDeploymentPostprocessing = 0;
		};
		5CB57E872562CE870052EC29 /* Resources */ = {
			isa = PBXResourcesBuildPhase;
			buildActionMask = 2147483647;
			files = (
			);
			runOnlyForDeploymentPostprocessing = 0;
		};
		5CB57E922562CE870052EC29 /* Resources */ = {
			isa = PBXResourcesBuildPhase;
			buildActionMask = 2147483647;
			files = (
			);
			runOnlyForDeploymentPostprocessing = 0;
		};
/* End PBXResourcesBuildPhase section */

/* Begin PBXShellScriptBuildPhase section */
		1DA3E6F5C4C9364D96A7FF0F /* [CP] Check Pods Manifest.lock */ = {
			isa = PBXShellScriptBuildPhase;
			buildActionMask = 2147483647;
			files = (
			);
			inputFileListPaths = (
			);
			inputPaths = (
				"${PODS_PODFILE_DIR_PATH}/Podfile.lock",
				"${PODS_ROOT}/Manifest.lock",
			);
			name = "[CP] Check Pods Manifest.lock";
			outputFileListPaths = (
			);
			outputPaths = (
				"$(DERIVED_FILE_DIR)/Pods-UISDK components sample-checkManifestLockResult.txt",
			);
			runOnlyForDeploymentPostprocessing = 0;
			shellPath = /bin/sh;
			shellScript = "diff \"${PODS_PODFILE_DIR_PATH}/Podfile.lock\" \"${PODS_ROOT}/Manifest.lock\" > /dev/null\nif [ $? != 0 ] ; then\n    # print error to STDERR\n    echo \"error: The sandbox is not in sync with the Podfile.lock. Run 'pod install' or update your CocoaPods installation.\" >&2\n    exit 1\nfi\n# This output is used by Xcode 'outputs' to avoid re-running this script phase.\necho \"SUCCESS\" > \"${SCRIPT_OUTPUT_FILE_0}\"\n";
			showEnvVarsInLog = 0;
		};
		4A0E64F3C357B07E1FACE1E0 /* [CP] Embed Pods Frameworks */ = {
			isa = PBXShellScriptBuildPhase;
			buildActionMask = 2147483647;
			files = (
			);
			inputFileListPaths = (
				"${PODS_ROOT}/Target Support Files/Pods-UIKit Karhoo Component-UIKit Karhoo ComponentUITests/Pods-UIKit Karhoo Component-UIKit Karhoo ComponentUITests-frameworks-${CONFIGURATION}-input-files.xcfilelist",
			);
			name = "[CP] Embed Pods Frameworks";
			outputFileListPaths = (
				"${PODS_ROOT}/Target Support Files/Pods-UIKit Karhoo Component-UIKit Karhoo ComponentUITests/Pods-UIKit Karhoo Component-UIKit Karhoo ComponentUITests-frameworks-${CONFIGURATION}-output-files.xcfilelist",
			);
			runOnlyForDeploymentPostprocessing = 0;
			shellPath = /bin/sh;
			shellScript = "\"${PODS_ROOT}/Target Support Files/Pods-UIKit Karhoo Component-UIKit Karhoo ComponentUITests/Pods-UIKit Karhoo Component-UIKit Karhoo ComponentUITests-frameworks.sh\"\n";
			showEnvVarsInLog = 0;
		};
		4C72B168B2F2819AD3C140E3 /* [CP] Check Pods Manifest.lock */ = {
			isa = PBXShellScriptBuildPhase;
			buildActionMask = 2147483647;
			files = (
			);
			inputFileListPaths = (
			);
			inputPaths = (
				"${PODS_PODFILE_DIR_PATH}/Podfile.lock",
				"${PODS_ROOT}/Manifest.lock",
			);
			name = "[CP] Check Pods Manifest.lock";
			outputFileListPaths = (
			);
			outputPaths = (
				"$(DERIVED_FILE_DIR)/Pods-UIKit Karhoo Component-UIKit Karhoo ComponentUITests-checkManifestLockResult.txt",
			);
			runOnlyForDeploymentPostprocessing = 0;
			shellPath = /bin/sh;
			shellScript = "diff \"${PODS_PODFILE_DIR_PATH}/Podfile.lock\" \"${PODS_ROOT}/Manifest.lock\" > /dev/null\nif [ $? != 0 ] ; then\n    # print error to STDERR\n    echo \"error: The sandbox is not in sync with the Podfile.lock. Run 'pod install' or update your CocoaPods installation.\" >&2\n    exit 1\nfi\n# This output is used by Xcode 'outputs' to avoid re-running this script phase.\necho \"SUCCESS\" > \"${SCRIPT_OUTPUT_FILE_0}\"\n";
			showEnvVarsInLog = 0;
		};
		830CF8288E8BD7A0AF51B6E2 /* [CP] Embed Pods Frameworks */ = {
			isa = PBXShellScriptBuildPhase;
			buildActionMask = 2147483647;
			files = (
			);
			inputFileListPaths = (
				"${PODS_ROOT}/Target Support Files/Pods-UIKit Karhoo Component/Pods-UIKit Karhoo Component-frameworks-${CONFIGURATION}-input-files.xcfilelist",
			);
			name = "[CP] Embed Pods Frameworks";
			outputFileListPaths = (
				"${PODS_ROOT}/Target Support Files/Pods-UIKit Karhoo Component/Pods-UIKit Karhoo Component-frameworks-${CONFIGURATION}-output-files.xcfilelist",
			);
			runOnlyForDeploymentPostprocessing = 0;
			shellPath = /bin/sh;
			shellScript = "\"${PODS_ROOT}/Target Support Files/Pods-UIKit Karhoo Component/Pods-UIKit Karhoo Component-frameworks.sh\"\n";
			showEnvVarsInLog = 0;
		};
		BB900A84987C0DDE9924328F /* [CP] Check Pods Manifest.lock */ = {
			isa = PBXShellScriptBuildPhase;
			buildActionMask = 2147483647;
			files = (
			);
			inputFileListPaths = (
			);
			inputPaths = (
				"${PODS_PODFILE_DIR_PATH}/Podfile.lock",
				"${PODS_ROOT}/Manifest.lock",
			);
			name = "[CP] Check Pods Manifest.lock";
			outputFileListPaths = (
			);
			outputPaths = (
				"$(DERIVED_FILE_DIR)/Pods-UIKit Karhoo Component-checkManifestLockResult.txt",
			);
			runOnlyForDeploymentPostprocessing = 0;
			shellPath = /bin/sh;
			shellScript = "diff \"${PODS_PODFILE_DIR_PATH}/Podfile.lock\" \"${PODS_ROOT}/Manifest.lock\" > /dev/null\nif [ $? != 0 ] ; then\n    # print error to STDERR\n    echo \"error: The sandbox is not in sync with the Podfile.lock. Run 'pod install' or update your CocoaPods installation.\" >&2\n    exit 1\nfi\n# This output is used by Xcode 'outputs' to avoid re-running this script phase.\necho \"SUCCESS\" > \"${SCRIPT_OUTPUT_FILE_0}\"\n";
			showEnvVarsInLog = 0;
		};
		C10607E7477EC28F3E751BC5 /* [CP] Check Pods Manifest.lock */ = {
			isa = PBXShellScriptBuildPhase;
			buildActionMask = 2147483647;
			files = (
			);
			inputFileListPaths = (
			);
			inputPaths = (
				"${PODS_PODFILE_DIR_PATH}/Podfile.lock",
				"${PODS_ROOT}/Manifest.lock",
			);
			name = "[CP] Check Pods Manifest.lock";
			outputFileListPaths = (
			);
			outputPaths = (
				"$(DERIVED_FILE_DIR)/Pods-UIKit Karhoo ComponentTests-checkManifestLockResult.txt",
			);
			runOnlyForDeploymentPostprocessing = 0;
			shellPath = /bin/sh;
			shellScript = "diff \"${PODS_PODFILE_DIR_PATH}/Podfile.lock\" \"${PODS_ROOT}/Manifest.lock\" > /dev/null\nif [ $? != 0 ] ; then\n    # print error to STDERR\n    echo \"error: The sandbox is not in sync with the Podfile.lock. Run 'pod install' or update your CocoaPods installation.\" >&2\n    exit 1\nfi\n# This output is used by Xcode 'outputs' to avoid re-running this script phase.\necho \"SUCCESS\" > \"${SCRIPT_OUTPUT_FILE_0}\"\n";
			showEnvVarsInLog = 0;
		};
		CEFA1E39D54ADA9F86F1112A /* [CP] Check Pods Manifest.lock */ = {
			isa = PBXShellScriptBuildPhase;
			buildActionMask = 2147483647;
			files = (
			);
			inputFileListPaths = (
			);
			inputPaths = (
				"${PODS_PODFILE_DIR_PATH}/Podfile.lock",
				"${PODS_ROOT}/Manifest.lock",
			);
			name = "[CP] Check Pods Manifest.lock";
			outputFileListPaths = (
			);
			outputPaths = (
				"$(DERIVED_FILE_DIR)/Pods-UISDK components sample-UISDK components sampleUITests-checkManifestLockResult.txt",
			);
			runOnlyForDeploymentPostprocessing = 0;
			shellPath = /bin/sh;
			shellScript = "diff \"${PODS_PODFILE_DIR_PATH}/Podfile.lock\" \"${PODS_ROOT}/Manifest.lock\" > /dev/null\nif [ $? != 0 ] ; then\n    # print error to STDERR\n    echo \"error: The sandbox is not in sync with the Podfile.lock. Run 'pod install' or update your CocoaPods installation.\" >&2\n    exit 1\nfi\n# This output is used by Xcode 'outputs' to avoid re-running this script phase.\necho \"SUCCESS\" > \"${SCRIPT_OUTPUT_FILE_0}\"\n";
			showEnvVarsInLog = 0;
		};
		D5DF327517160DBBA4B6A802 /* [CP] Check Pods Manifest.lock */ = {
			isa = PBXShellScriptBuildPhase;
			buildActionMask = 2147483647;
			files = (
			);
			inputFileListPaths = (
			);
			inputPaths = (
				"${PODS_PODFILE_DIR_PATH}/Podfile.lock",
				"${PODS_ROOT}/Manifest.lock",
			);
			name = "[CP] Check Pods Manifest.lock";
			outputFileListPaths = (
			);
			outputPaths = (
				"$(DERIVED_FILE_DIR)/Pods-UISDK components sampleTests-checkManifestLockResult.txt",
			);
			runOnlyForDeploymentPostprocessing = 0;
			shellPath = /bin/sh;
			shellScript = "diff \"${PODS_PODFILE_DIR_PATH}/Podfile.lock\" \"${PODS_ROOT}/Manifest.lock\" > /dev/null\nif [ $? != 0 ] ; then\n    # print error to STDERR\n    echo \"error: The sandbox is not in sync with the Podfile.lock. Run 'pod install' or update your CocoaPods installation.\" >&2\n    exit 1\nfi\n# This output is used by Xcode 'outputs' to avoid re-running this script phase.\necho \"SUCCESS\" > \"${SCRIPT_OUTPUT_FILE_0}\"\n";
			showEnvVarsInLog = 0;
		};
/* End PBXShellScriptBuildPhase section */

/* Begin PBXSourcesBuildPhase section */
		5CB57DEB2562CD6B0052EC29 /* Sources */ = {
			isa = PBXSourcesBuildPhase;
			buildActionMask = 2147483647;
			files = (
				5CB57DF52562CD6B0052EC29 /* ContentView.swift in Sources */,
				5CB57DF32562CD6B0052EC29 /* AppDelegate.swift in Sources */,
			);
			runOnlyForDeploymentPostprocessing = 0;
		};
		5CB57E002562CD6E0052EC29 /* Sources */ = {
			isa = PBXSourcesBuildPhase;
			buildActionMask = 2147483647;
			files = (
				5CB57E092562CD6E0052EC29 /* UISDK_components_sampleTests.swift in Sources */,
			);
			runOnlyForDeploymentPostprocessing = 0;
		};
		5CB57E0B2562CD6E0052EC29 /* Sources */ = {
			isa = PBXSourcesBuildPhase;
			buildActionMask = 2147483647;
			files = (
				5CB57E142562CD6E0052EC29 /* UISDK_components_sampleUITests.swift in Sources */,
			);
			runOnlyForDeploymentPostprocessing = 0;
		};
		5CB57E702562CE860052EC29 /* Sources */ = {
			isa = PBXSourcesBuildPhase;
			buildActionMask = 2147483647;
			files = (
				5CB57E7B2562CE860052EC29 /* ViewController.swift in Sources */,
				5CB57E772562CE860052EC29 /* AppDelegate.swift in Sources */,
				5CB57E792562CE860052EC29 /* SceneDelegate.swift in Sources */,
			);
			runOnlyForDeploymentPostprocessing = 0;
		};
		5CB57E852562CE870052EC29 /* Sources */ = {
			isa = PBXSourcesBuildPhase;
			buildActionMask = 2147483647;
			files = (
				5CB57E8E2562CE870052EC29 /* UIKit_Karhoo_ComponentTests.swift in Sources */,
			);
			runOnlyForDeploymentPostprocessing = 0;
		};
		5CB57E902562CE870052EC29 /* Sources */ = {
			isa = PBXSourcesBuildPhase;
			buildActionMask = 2147483647;
			files = (
				5CB57E992562CE870052EC29 /* UIKit_Karhoo_ComponentUITests.swift in Sources */,
			);
			runOnlyForDeploymentPostprocessing = 0;
		};
/* End PBXSourcesBuildPhase section */

/* Begin PBXTargetDependency section */
		5CB57E062562CD6E0052EC29 /* PBXTargetDependency */ = {
			isa = PBXTargetDependency;
			target = 5CB57DEE2562CD6B0052EC29 /* UISDK components sample */;
			targetProxy = 5CB57E052562CD6E0052EC29 /* PBXContainerItemProxy */;
		};
		5CB57E112562CD6E0052EC29 /* PBXTargetDependency */ = {
			isa = PBXTargetDependency;
			target = 5CB57DEE2562CD6B0052EC29 /* UISDK components sample */;
			targetProxy = 5CB57E102562CD6E0052EC29 /* PBXContainerItemProxy */;
		};
		5CB57E8B2562CE870052EC29 /* PBXTargetDependency */ = {
			isa = PBXTargetDependency;
			target = 5CB57E732562CE860052EC29 /* UIKit Karhoo Component */;
			targetProxy = 5CB57E8A2562CE870052EC29 /* PBXContainerItemProxy */;
		};
		5CB57E962562CE870052EC29 /* PBXTargetDependency */ = {
			isa = PBXTargetDependency;
			target = 5CB57E732562CE860052EC29 /* UIKit Karhoo Component */;
			targetProxy = 5CB57E952562CE870052EC29 /* PBXContainerItemProxy */;
		};
/* End PBXTargetDependency section */

/* Begin PBXVariantGroup section */
		5CB57DFB2562CD6D0052EC29 /* Main.storyboard */ = {
			isa = PBXVariantGroup;
			children = (
				5CB57DFC2562CD6D0052EC29 /* Base */,
			);
			name = Main.storyboard;
			sourceTree = "<group>";
		};
		5CB57E812562CE870052EC29 /* LaunchScreen.storyboard */ = {
			isa = PBXVariantGroup;
			children = (
				5CB57E822562CE870052EC29 /* Base */,
			);
			name = LaunchScreen.storyboard;
			sourceTree = "<group>";
		};
/* End PBXVariantGroup section */

/* Begin XCBuildConfiguration section */
		5CB57E162562CD6E0052EC29 /* Debug */ = {
			isa = XCBuildConfiguration;
			buildSettings = {
				ALWAYS_SEARCH_USER_PATHS = NO;
				CLANG_ANALYZER_NONNULL = YES;
				CLANG_ANALYZER_NUMBER_OBJECT_CONVERSION = YES_AGGRESSIVE;
				CLANG_CXX_LANGUAGE_STANDARD = "gnu++14";
				CLANG_CXX_LIBRARY = "libc++";
				CLANG_ENABLE_MODULES = YES;
				CLANG_ENABLE_OBJC_ARC = YES;
				CLANG_ENABLE_OBJC_WEAK = YES;
				CLANG_WARN_BLOCK_CAPTURE_AUTORELEASING = YES;
				CLANG_WARN_BOOL_CONVERSION = YES;
				CLANG_WARN_COMMA = YES;
				CLANG_WARN_CONSTANT_CONVERSION = YES;
				CLANG_WARN_DEPRECATED_OBJC_IMPLEMENTATIONS = YES;
				CLANG_WARN_DIRECT_OBJC_ISA_USAGE = YES_ERROR;
				CLANG_WARN_DOCUMENTATION_COMMENTS = YES;
				CLANG_WARN_EMPTY_BODY = YES;
				CLANG_WARN_ENUM_CONVERSION = YES;
				CLANG_WARN_INFINITE_RECURSION = YES;
				CLANG_WARN_INT_CONVERSION = YES;
				CLANG_WARN_NON_LITERAL_NULL_CONVERSION = YES;
				CLANG_WARN_OBJC_IMPLICIT_RETAIN_SELF = YES;
				CLANG_WARN_OBJC_LITERAL_CONVERSION = YES;
				CLANG_WARN_OBJC_ROOT_CLASS = YES_ERROR;
				CLANG_WARN_QUOTED_INCLUDE_IN_FRAMEWORK_HEADER = YES;
				CLANG_WARN_RANGE_LOOP_ANALYSIS = YES;
				CLANG_WARN_STRICT_PROTOTYPES = YES;
				CLANG_WARN_SUSPICIOUS_MOVE = YES;
				CLANG_WARN_UNGUARDED_AVAILABILITY = YES_AGGRESSIVE;
				CLANG_WARN_UNREACHABLE_CODE = YES;
				CLANG_WARN__DUPLICATE_METHOD_MATCH = YES;
				COPY_PHASE_STRIP = NO;
				DEBUG_INFORMATION_FORMAT = dwarf;
				ENABLE_STRICT_OBJC_MSGSEND = YES;
				ENABLE_TESTABILITY = YES;
				GCC_C_LANGUAGE_STANDARD = gnu11;
				GCC_DYNAMIC_NO_PIC = NO;
				GCC_NO_COMMON_BLOCKS = YES;
				GCC_OPTIMIZATION_LEVEL = 0;
				GCC_PREPROCESSOR_DEFINITIONS = (
					"DEBUG=1",
					"$(inherited)",
				);
				GCC_WARN_64_TO_32_BIT_CONVERSION = YES;
				GCC_WARN_ABOUT_RETURN_TYPE = YES_ERROR;
				GCC_WARN_UNDECLARED_SELECTOR = YES;
				GCC_WARN_UNINITIALIZED_AUTOS = YES_AGGRESSIVE;
				GCC_WARN_UNUSED_FUNCTION = YES;
				GCC_WARN_UNUSED_VARIABLE = YES;
				MACOSX_DEPLOYMENT_TARGET = 10.15;
				MTL_ENABLE_DEBUG_INFO = INCLUDE_SOURCE;
				MTL_FAST_MATH = YES;
				ONLY_ACTIVE_ARCH = YES;
				SDKROOT = macosx;
				SWIFT_ACTIVE_COMPILATION_CONDITIONS = DEBUG;
				SWIFT_OPTIMIZATION_LEVEL = "-Onone";
			};
			name = Debug;
		};
		5CB57E172562CD6E0052EC29 /* Release */ = {
			isa = XCBuildConfiguration;
			buildSettings = {
				ALWAYS_SEARCH_USER_PATHS = NO;
				CLANG_ANALYZER_NONNULL = YES;
				CLANG_ANALYZER_NUMBER_OBJECT_CONVERSION = YES_AGGRESSIVE;
				CLANG_CXX_LANGUAGE_STANDARD = "gnu++14";
				CLANG_CXX_LIBRARY = "libc++";
				CLANG_ENABLE_MODULES = YES;
				CLANG_ENABLE_OBJC_ARC = YES;
				CLANG_ENABLE_OBJC_WEAK = YES;
				CLANG_WARN_BLOCK_CAPTURE_AUTORELEASING = YES;
				CLANG_WARN_BOOL_CONVERSION = YES;
				CLANG_WARN_COMMA = YES;
				CLANG_WARN_CONSTANT_CONVERSION = YES;
				CLANG_WARN_DEPRECATED_OBJC_IMPLEMENTATIONS = YES;
				CLANG_WARN_DIRECT_OBJC_ISA_USAGE = YES_ERROR;
				CLANG_WARN_DOCUMENTATION_COMMENTS = YES;
				CLANG_WARN_EMPTY_BODY = YES;
				CLANG_WARN_ENUM_CONVERSION = YES;
				CLANG_WARN_INFINITE_RECURSION = YES;
				CLANG_WARN_INT_CONVERSION = YES;
				CLANG_WARN_NON_LITERAL_NULL_CONVERSION = YES;
				CLANG_WARN_OBJC_IMPLICIT_RETAIN_SELF = YES;
				CLANG_WARN_OBJC_LITERAL_CONVERSION = YES;
				CLANG_WARN_OBJC_ROOT_CLASS = YES_ERROR;
				CLANG_WARN_QUOTED_INCLUDE_IN_FRAMEWORK_HEADER = YES;
				CLANG_WARN_RANGE_LOOP_ANALYSIS = YES;
				CLANG_WARN_STRICT_PROTOTYPES = YES;
				CLANG_WARN_SUSPICIOUS_MOVE = YES;
				CLANG_WARN_UNGUARDED_AVAILABILITY = YES_AGGRESSIVE;
				CLANG_WARN_UNREACHABLE_CODE = YES;
				CLANG_WARN__DUPLICATE_METHOD_MATCH = YES;
				COPY_PHASE_STRIP = NO;
				DEBUG_INFORMATION_FORMAT = "dwarf-with-dsym";
				ENABLE_NS_ASSERTIONS = NO;
				ENABLE_STRICT_OBJC_MSGSEND = YES;
				GCC_C_LANGUAGE_STANDARD = gnu11;
				GCC_NO_COMMON_BLOCKS = YES;
				GCC_WARN_64_TO_32_BIT_CONVERSION = YES;
				GCC_WARN_ABOUT_RETURN_TYPE = YES_ERROR;
				GCC_WARN_UNDECLARED_SELECTOR = YES;
				GCC_WARN_UNINITIALIZED_AUTOS = YES_AGGRESSIVE;
				GCC_WARN_UNUSED_FUNCTION = YES;
				GCC_WARN_UNUSED_VARIABLE = YES;
				MACOSX_DEPLOYMENT_TARGET = 10.15;
				MTL_ENABLE_DEBUG_INFO = NO;
				MTL_FAST_MATH = YES;
				SDKROOT = macosx;
				SWIFT_COMPILATION_MODE = wholemodule;
				SWIFT_OPTIMIZATION_LEVEL = "-O";
			};
			name = Release;
		};
		5CB57E192562CD6E0052EC29 /* Debug */ = {
			isa = XCBuildConfiguration;
			baseConfigurationReference = C1533D95E4CD5B4F665B9A5F /* Pods-UISDK components sample.debug.xcconfig */;
			buildSettings = {
				ASSETCATALOG_COMPILER_APPICON_NAME = AppIcon;
				ASSETCATALOG_COMPILER_GLOBAL_ACCENT_COLOR_NAME = AccentColor;
				CODE_SIGN_ENTITLEMENTS = "UISDK components sample/UISDK_components_sample.entitlements";
				CODE_SIGN_STYLE = Automatic;
				COMBINE_HIDPI_IMAGES = YES;
				DEVELOPMENT_ASSET_PATHS = "\"UISDK components sample/Preview Content\"";
				DEVELOPMENT_TEAM = U7U4Q7YGDH;
				ENABLE_HARDENED_RUNTIME = YES;
				ENABLE_PREVIEWS = YES;
				INFOPLIST_FILE = "UISDK components sample/Info.plist";
				LD_RUNPATH_SEARCH_PATHS = (
					"$(inherited)",
					"@executable_path/../Frameworks",
				);
				MACOSX_DEPLOYMENT_TARGET = 10.15;
				PRODUCT_BUNDLE_IDENTIFIER = "karhoo.UISDK-components-sample";
				PRODUCT_NAME = "$(TARGET_NAME)";
				SWIFT_VERSION = 5.0;
			};
			name = Debug;
		};
		5CB57E1A2562CD6E0052EC29 /* Release */ = {
			isa = XCBuildConfiguration;
			baseConfigurationReference = 8BC5ECF88704955A6D419FA0 /* Pods-UISDK components sample.release.xcconfig */;
			buildSettings = {
				ASSETCATALOG_COMPILER_APPICON_NAME = AppIcon;
				ASSETCATALOG_COMPILER_GLOBAL_ACCENT_COLOR_NAME = AccentColor;
				CODE_SIGN_ENTITLEMENTS = "UISDK components sample/UISDK_components_sample.entitlements";
				CODE_SIGN_STYLE = Automatic;
				COMBINE_HIDPI_IMAGES = YES;
				DEVELOPMENT_ASSET_PATHS = "\"UISDK components sample/Preview Content\"";
				DEVELOPMENT_TEAM = U7U4Q7YGDH;
				ENABLE_HARDENED_RUNTIME = YES;
				ENABLE_PREVIEWS = YES;
				INFOPLIST_FILE = "UISDK components sample/Info.plist";
				LD_RUNPATH_SEARCH_PATHS = (
					"$(inherited)",
					"@executable_path/../Frameworks",
				);
				MACOSX_DEPLOYMENT_TARGET = 10.15;
				PRODUCT_BUNDLE_IDENTIFIER = "karhoo.UISDK-components-sample";
				PRODUCT_NAME = "$(TARGET_NAME)";
				SWIFT_VERSION = 5.0;
			};
			name = Release;
		};
		5CB57E1C2562CD6E0052EC29 /* Debug */ = {
			isa = XCBuildConfiguration;
			baseConfigurationReference = 10BE01C6E584D08C274A55A6 /* Pods-UISDK components sampleTests.debug.xcconfig */;
			buildSettings = {
				ALWAYS_EMBED_SWIFT_STANDARD_LIBRARIES = YES;
				BUNDLE_LOADER = "$(TEST_HOST)";
				CODE_SIGN_STYLE = Automatic;
				COMBINE_HIDPI_IMAGES = YES;
				DEVELOPMENT_TEAM = U7U4Q7YGDH;
				INFOPLIST_FILE = "UISDK components sampleTests/Info.plist";
				LD_RUNPATH_SEARCH_PATHS = (
					"$(inherited)",
					"@executable_path/../Frameworks",
					"@loader_path/../Frameworks",
				);
				MACOSX_DEPLOYMENT_TARGET = 10.15;
				PRODUCT_BUNDLE_IDENTIFIER = "karhoo.UISDK-components-sampleTests";
				PRODUCT_NAME = "$(TARGET_NAME)";
				SWIFT_VERSION = 5.0;
				TEST_HOST = "$(BUILT_PRODUCTS_DIR)/UISDK components sample.app/Contents/MacOS/UISDK components sample";
			};
			name = Debug;
		};
		5CB57E1D2562CD6E0052EC29 /* Release */ = {
			isa = XCBuildConfiguration;
			baseConfigurationReference = F5DE1FC4CB0B1A3722594A51 /* Pods-UISDK components sampleTests.release.xcconfig */;
			buildSettings = {
				ALWAYS_EMBED_SWIFT_STANDARD_LIBRARIES = YES;
				BUNDLE_LOADER = "$(TEST_HOST)";
				CODE_SIGN_STYLE = Automatic;
				COMBINE_HIDPI_IMAGES = YES;
				DEVELOPMENT_TEAM = U7U4Q7YGDH;
				INFOPLIST_FILE = "UISDK components sampleTests/Info.plist";
				LD_RUNPATH_SEARCH_PATHS = (
					"$(inherited)",
					"@executable_path/../Frameworks",
					"@loader_path/../Frameworks",
				);
				MACOSX_DEPLOYMENT_TARGET = 10.15;
				PRODUCT_BUNDLE_IDENTIFIER = "karhoo.UISDK-components-sampleTests";
				PRODUCT_NAME = "$(TARGET_NAME)";
				SWIFT_VERSION = 5.0;
				TEST_HOST = "$(BUILT_PRODUCTS_DIR)/UISDK components sample.app/Contents/MacOS/UISDK components sample";
			};
			name = Release;
		};
		5CB57E1F2562CD6E0052EC29 /* Debug */ = {
			isa = XCBuildConfiguration;
			baseConfigurationReference = E7CCD576876702B3203EF513 /* Pods-UISDK components sample-UISDK components sampleUITests.debug.xcconfig */;
			buildSettings = {
				ALWAYS_EMBED_SWIFT_STANDARD_LIBRARIES = YES;
				CODE_SIGN_STYLE = Automatic;
				COMBINE_HIDPI_IMAGES = YES;
				DEVELOPMENT_TEAM = U7U4Q7YGDH;
				INFOPLIST_FILE = "UISDK components sampleUITests/Info.plist";
				LD_RUNPATH_SEARCH_PATHS = (
					"$(inherited)",
					"@executable_path/../Frameworks",
					"@loader_path/../Frameworks",
				);
				PRODUCT_BUNDLE_IDENTIFIER = "karhoo.UISDK-components-sampleUITests";
				PRODUCT_NAME = "$(TARGET_NAME)";
				SWIFT_VERSION = 5.0;
				TEST_TARGET_NAME = "UISDK components sample";
			};
			name = Debug;
		};
		5CB57E202562CD6E0052EC29 /* Release */ = {
			isa = XCBuildConfiguration;
			baseConfigurationReference = 6BB8B7E56D24B0121E89DB10 /* Pods-UISDK components sample-UISDK components sampleUITests.release.xcconfig */;
			buildSettings = {
				ALWAYS_EMBED_SWIFT_STANDARD_LIBRARIES = YES;
				CODE_SIGN_STYLE = Automatic;
				COMBINE_HIDPI_IMAGES = YES;
				DEVELOPMENT_TEAM = U7U4Q7YGDH;
				INFOPLIST_FILE = "UISDK components sampleUITests/Info.plist";
				LD_RUNPATH_SEARCH_PATHS = (
					"$(inherited)",
					"@executable_path/../Frameworks",
					"@loader_path/../Frameworks",
				);
				PRODUCT_BUNDLE_IDENTIFIER = "karhoo.UISDK-components-sampleUITests";
				PRODUCT_NAME = "$(TARGET_NAME)";
				SWIFT_VERSION = 5.0;
				TEST_TARGET_NAME = "UISDK components sample";
			};
			name = Release;
		};
		5CB57E9C2562CE870052EC29 /* Debug */ = {
			isa = XCBuildConfiguration;
			baseConfigurationReference = 3AA5D11D35641A21AB5FEA0D /* Pods-UIKit Karhoo Component.debug.xcconfig */;
			buildSettings = {
				ASSETCATALOG_COMPILER_APPICON_NAME = AppIcon;
				ASSETCATALOG_COMPILER_GLOBAL_ACCENT_COLOR_NAME = AccentColor;
				CODE_SIGN_STYLE = Automatic;
				DEVELOPMENT_TEAM = U7U4Q7YGDH;
				INFOPLIST_FILE = "UIKit Karhoo Component/Info.plist";
				IPHONEOS_DEPLOYMENT_TARGET = 14.0;
				LD_RUNPATH_SEARCH_PATHS = (
					"$(inherited)",
					"@executable_path/Frameworks",
				);
				PRODUCT_BUNDLE_IDENTIFIER = "karhoo.UIKit-Karhoo-Component";
				PRODUCT_NAME = "$(TARGET_NAME)";
				SDKROOT = iphoneos;
				SWIFT_VERSION = 5.0;
				TARGETED_DEVICE_FAMILY = "1,2";
			};
			name = Debug;
		};
		5CB57E9D2562CE870052EC29 /* Release */ = {
			isa = XCBuildConfiguration;
			baseConfigurationReference = DF6CE3048AAC49F4490448CE /* Pods-UIKit Karhoo Component.release.xcconfig */;
			buildSettings = {
				ASSETCATALOG_COMPILER_APPICON_NAME = AppIcon;
				ASSETCATALOG_COMPILER_GLOBAL_ACCENT_COLOR_NAME = AccentColor;
				CODE_SIGN_STYLE = Automatic;
				DEVELOPMENT_TEAM = U7U4Q7YGDH;
				INFOPLIST_FILE = "UIKit Karhoo Component/Info.plist";
				IPHONEOS_DEPLOYMENT_TARGET = 14.0;
				LD_RUNPATH_SEARCH_PATHS = (
					"$(inherited)",
					"@executable_path/Frameworks",
				);
				PRODUCT_BUNDLE_IDENTIFIER = "karhoo.UIKit-Karhoo-Component";
				PRODUCT_NAME = "$(TARGET_NAME)";
				SDKROOT = iphoneos;
				SWIFT_VERSION = 5.0;
				TARGETED_DEVICE_FAMILY = "1,2";
				VALIDATE_PRODUCT = YES;
			};
			name = Release;
		};
		5CB57E9F2562CE870052EC29 /* Debug */ = {
			isa = XCBuildConfiguration;
			baseConfigurationReference = C93FE4416F79D495A3D8BE38 /* Pods-UIKit Karhoo ComponentTests.debug.xcconfig */;
			buildSettings = {
				ALWAYS_EMBED_SWIFT_STANDARD_LIBRARIES = YES;
				BUNDLE_LOADER = "$(TEST_HOST)";
				CODE_SIGN_STYLE = Automatic;
				DEVELOPMENT_TEAM = U7U4Q7YGDH;
				INFOPLIST_FILE = "UIKit Karhoo ComponentTests/Info.plist";
				IPHONEOS_DEPLOYMENT_TARGET = 14.0;
				LD_RUNPATH_SEARCH_PATHS = (
					"$(inherited)",
					"@executable_path/Frameworks",
					"@loader_path/Frameworks",
				);
				PRODUCT_BUNDLE_IDENTIFIER = "karhoo.UIKit-Karhoo-ComponentTests";
				PRODUCT_NAME = "$(TARGET_NAME)";
				SDKROOT = iphoneos;
				SWIFT_VERSION = 5.0;
				TARGETED_DEVICE_FAMILY = "1,2";
				TEST_HOST = "$(BUILT_PRODUCTS_DIR)/UIKit Karhoo Component.app/UIKit Karhoo Component";
			};
			name = Debug;
		};
		5CB57EA02562CE870052EC29 /* Release */ = {
			isa = XCBuildConfiguration;
			baseConfigurationReference = 2CEEC64344494F411EC567DD /* Pods-UIKit Karhoo ComponentTests.release.xcconfig */;
			buildSettings = {
				ALWAYS_EMBED_SWIFT_STANDARD_LIBRARIES = YES;
				BUNDLE_LOADER = "$(TEST_HOST)";
				CODE_SIGN_STYLE = Automatic;
				DEVELOPMENT_TEAM = U7U4Q7YGDH;
				INFOPLIST_FILE = "UIKit Karhoo ComponentTests/Info.plist";
				IPHONEOS_DEPLOYMENT_TARGET = 14.0;
				LD_RUNPATH_SEARCH_PATHS = (
					"$(inherited)",
					"@executable_path/Frameworks",
					"@loader_path/Frameworks",
				);
				PRODUCT_BUNDLE_IDENTIFIER = "karhoo.UIKit-Karhoo-ComponentTests";
				PRODUCT_NAME = "$(TARGET_NAME)";
				SDKROOT = iphoneos;
				SWIFT_VERSION = 5.0;
				TARGETED_DEVICE_FAMILY = "1,2";
				TEST_HOST = "$(BUILT_PRODUCTS_DIR)/UIKit Karhoo Component.app/UIKit Karhoo Component";
				VALIDATE_PRODUCT = YES;
			};
			name = Release;
		};
		5CB57EA22562CE870052EC29 /* Debug */ = {
			isa = XCBuildConfiguration;
			baseConfigurationReference = 5090EBE385878EB1EF762AD9 /* Pods-UIKit Karhoo Component-UIKit Karhoo ComponentUITests.debug.xcconfig */;
			buildSettings = {
				ALWAYS_EMBED_SWIFT_STANDARD_LIBRARIES = YES;
				CODE_SIGN_STYLE = Automatic;
				DEVELOPMENT_TEAM = U7U4Q7YGDH;
				INFOPLIST_FILE = "UIKit Karhoo ComponentUITests/Info.plist";
				IPHONEOS_DEPLOYMENT_TARGET = 14.0;
				LD_RUNPATH_SEARCH_PATHS = (
					"$(inherited)",
					"@executable_path/Frameworks",
					"@loader_path/Frameworks",
				);
				PRODUCT_BUNDLE_IDENTIFIER = "karhoo.UIKit-Karhoo-ComponentUITests";
				PRODUCT_NAME = "$(TARGET_NAME)";
				SDKROOT = iphoneos;
				SWIFT_VERSION = 5.0;
				TARGETED_DEVICE_FAMILY = "1,2";
				TEST_TARGET_NAME = "UIKit Karhoo Component";
			};
			name = Debug;
		};
		5CB57EA32562CE870052EC29 /* Release */ = {
			isa = XCBuildConfiguration;
			baseConfigurationReference = C6E00ECD335520240494454B /* Pods-UIKit Karhoo Component-UIKit Karhoo ComponentUITests.release.xcconfig */;
			buildSettings = {
				ALWAYS_EMBED_SWIFT_STANDARD_LIBRARIES = YES;
				CODE_SIGN_STYLE = Automatic;
				DEVELOPMENT_TEAM = U7U4Q7YGDH;
				INFOPLIST_FILE = "UIKit Karhoo ComponentUITests/Info.plist";
				IPHONEOS_DEPLOYMENT_TARGET = 14.0;
				LD_RUNPATH_SEARCH_PATHS = (
					"$(inherited)",
					"@executable_path/Frameworks",
					"@loader_path/Frameworks",
				);
				PRODUCT_BUNDLE_IDENTIFIER = "karhoo.UIKit-Karhoo-ComponentUITests";
				PRODUCT_NAME = "$(TARGET_NAME)";
				SDKROOT = iphoneos;
				SWIFT_VERSION = 5.0;
				TARGETED_DEVICE_FAMILY = "1,2";
				TEST_TARGET_NAME = "UIKit Karhoo Component";
				VALIDATE_PRODUCT = YES;
			};
			name = Release;
		};
/* End XCBuildConfiguration section */

/* Begin XCConfigurationList section */
		5CB57DEA2562CD6B0052EC29 /* Build configuration list for PBXProject "UISDK components sample" */ = {
			isa = XCConfigurationList;
			buildConfigurations = (
				5CB57E162562CD6E0052EC29 /* Debug */,
				5CB57E172562CD6E0052EC29 /* Release */,
			);
			defaultConfigurationIsVisible = 0;
			defaultConfigurationName = Release;
		};
		5CB57E182562CD6E0052EC29 /* Build configuration list for PBXNativeTarget "UISDK components sample" */ = {
			isa = XCConfigurationList;
			buildConfigurations = (
				5CB57E192562CD6E0052EC29 /* Debug */,
				5CB57E1A2562CD6E0052EC29 /* Release */,
			);
			defaultConfigurationIsVisible = 0;
			defaultConfigurationName = Release;
		};
		5CB57E1B2562CD6E0052EC29 /* Build configuration list for PBXNativeTarget "UISDK components sampleTests" */ = {
			isa = XCConfigurationList;
			buildConfigurations = (
				5CB57E1C2562CD6E0052EC29 /* Debug */,
				5CB57E1D2562CD6E0052EC29 /* Release */,
			);
			defaultConfigurationIsVisible = 0;
			defaultConfigurationName = Release;
		};
		5CB57E1E2562CD6E0052EC29 /* Build configuration list for PBXNativeTarget "UISDK components sampleUITests" */ = {
			isa = XCConfigurationList;
			buildConfigurations = (
				5CB57E1F2562CD6E0052EC29 /* Debug */,
				5CB57E202562CD6E0052EC29 /* Release */,
			);
			defaultConfigurationIsVisible = 0;
			defaultConfigurationName = Release;
		};
		5CB57E9B2562CE870052EC29 /* Build configuration list for PBXNativeTarget "UIKit Karhoo Component" */ = {
			isa = XCConfigurationList;
			buildConfigurations = (
				5CB57E9C2562CE870052EC29 /* Debug */,
				5CB57E9D2562CE870052EC29 /* Release */,
			);
			defaultConfigurationIsVisible = 0;
			defaultConfigurationName = Release;
		};
		5CB57E9E2562CE870052EC29 /* Build configuration list for PBXNativeTarget "UIKit Karhoo ComponentTests" */ = {
			isa = XCConfigurationList;
			buildConfigurations = (
				5CB57E9F2562CE870052EC29 /* Debug */,
				5CB57EA02562CE870052EC29 /* Release */,
			);
			defaultConfigurationIsVisible = 0;
			defaultConfigurationName = Release;
		};
		5CB57EA12562CE870052EC29 /* Build configuration list for PBXNativeTarget "UIKit Karhoo ComponentUITests" */ = {
			isa = XCConfigurationList;
			buildConfigurations = (
				5CB57EA22562CE870052EC29 /* Debug */,
				5CB57EA32562CE870052EC29 /* Release */,
			);
			defaultConfigurationIsVisible = 0;
			defaultConfigurationName = Release;
		};
/* End XCConfigurationList section */
	};
	rootObject = 5CB57DE72562CD6B0052EC29 /* Project object */;
}
