PODS:
  - Braintree/Card (4.38.0):
    - Braintree/Core
  - Braintree/Core (4.38.0)
  - Braintree/PaymentFlow (4.38.0):
    - Braintree/Card
    - Braintree/Core
    - Braintree/PayPalOneTouch
  - Braintree/PayPal (4.38.0):
    - Braintree/Core
    - Braintree/PayPalOneTouch
  - Braintree/PayPalDataCollector (4.38.0):
    - Braintree/Core
    - Braintree/PayPalUtils
  - Braintree/PayPalOneTouch (4.38.0):
    - Braintree/Core
    - Braintree/PayPalDataCollector
    - Braintree/PayPalUtils
  - Braintree/PayPalUtils (4.38.0)
  - Braintree/UnionPay (4.38.0):
    - Braintree/Card
    - Braintree/Core
  - BraintreeDropIn (8.2.0):
    - BraintreeDropIn/DropIn (= 8.2.0)
  - BraintreeDropIn/DropIn (8.2.0):
    - Braintree/Card (~> 4.32)
    - Braintree/Core (~> 4.32)
    - Braintree/PaymentFlow (~> 4.32)
    - Braintree/PayPal (~> 4.32)
    - Braintree/UnionPay (~> 4.32)
    - BraintreeDropIn/UIKit
  - BraintreeDropIn/UIKit (8.2.0)
  - KarhooSDK (1.7.0):
    - KeychainSwift (= 12.0.0)
    - ReachabilitySwift (= 5.0.0)
  - KarhooUISDK (1.9.4):
    - KarhooUISDK/Core (= 1.9.4)
  - KarhooUISDK/Braintree (1.9.4):
    - Braintree/PaymentFlow (~> 4.37)
    - BraintreeDropIn (~> 8.1)
    - KarhooUISDK/Core
  - KarhooUISDK/Core (1.9.4):
    - KarhooSDK
    - PhoneNumberKit (= 3.3.1)
  - KeychainSwift (12.0.0)
  - PhoneNumberKit (3.3.1):
    - PhoneNumberKit/PhoneNumberKitCore (= 3.3.1)
    - PhoneNumberKit/UIKit (= 3.3.1)
  - PhoneNumberKit/PhoneNumberKitCore (3.3.1)
  - PhoneNumberKit/UIKit (3.3.1):
    - PhoneNumberKit/PhoneNumberKitCore
  - ReachabilitySwift (5.0.0)
  - SwiftSpinner (2.2.0)

DEPENDENCIES:
  - KarhooSDK (= 1.7.0)
  - "KarhooUISDK (from `git@github.com:karhoo/karhoo-ios-ui-sdk.git`, tag `1.9.4`)"
  - "KarhooUISDK/Braintree (from `git@github.com:karhoo/karhoo-ios-ui-sdk.git`, tag `1.9.4`)"
  - SwiftSpinner

SPEC REPOS:
  trunk:
    - Braintree
    - BraintreeDropIn
    - KarhooSDK
    - KeychainSwift
    - PhoneNumberKit
    - ReachabilitySwift
    - SwiftSpinner

EXTERNAL SOURCES:
  KarhooUISDK:
    :git: "git@github.com:karhoo/karhoo-ios-ui-sdk.git"
    :tag: 1.9.4

CHECKOUT OPTIONS:
  KarhooUISDK:
    :git: "git@github.com:karhoo/karhoo-ios-ui-sdk.git"
    :tag: 1.9.4

SPEC CHECKSUMS:
  Braintree: 78a33deb6f6ec617c2c4891fbe352854358b3a8d
  BraintreeDropIn: b57b653d130981aad7ad9bc97a69d3d7ef86f7a1
  KarhooSDK: 1fc3b4a0481ad223c3fee97425270af735342425
  KarhooUISDK: e844aef6e99403a5b45406fe4438252181a32bf4
  KeychainSwift: d5e776578587ee5958ce36601df22f168f65138a
  PhoneNumberKit: ff153d5e299f6da566cb73c6aa71e354933b2932
  ReachabilitySwift: 985039c6f7b23a1da463388634119492ff86c825
  SwiftSpinner: f9b59477fe107427f2b5b835497d6636fa167ede

PODFILE CHECKSUM: 20f23ef68871ce5d795939251bb9d4c1bff2e9bc

COCOAPODS: 1.11.3
