PODS:
  - FloatingPanel (2.0.1)
  - KarhooSDK (1.6.3):
    - KeychainSwift (= 12.0.0)
    - ReachabilitySwift (= 5.0.0)
  - KarhooUISDK (1.9.0):
    - KarhooUISDK/Core (= 1.9.0)
  - KarhooUISDK/Core (1.9.0):
    - FloatingPanel (= 2.0.1)
    - KarhooSDK
    - PhoneNumberKit (= 3.3.1)
  - KeychainSwift (12.0.0)
  - PhoneNumberKit (3.3.1):
    - PhoneNumberKit/PhoneNumberKitCore (= 3.3.1)
    - PhoneNumberKit/UIKit (= 3.3.1)
  - PhoneNumberKit/PhoneNumberKitCore (3.3.1)
  - PhoneNumberKit/UIKit (3.3.1):
    - PhoneNumberKit/PhoneNumberKitCore
  - ReachabilitySwift (5.0.0)
  - SwiftSpinner (2.2.0)

DEPENDENCIES:
  - KarhooSDK (= 1.6.3)
  - KarhooUISDK (from `https://github.com/karhoo/karhoo-ios-ui-sdk.git`, tag `1.9.0`)
  - SwiftSpinner

SPEC REPOS:
  trunk:
    - FloatingPanel
    - KarhooSDK
    - KeychainSwift
    - PhoneNumberKit
    - ReachabilitySwift
    - SwiftSpinner

EXTERNAL SOURCES:
  KarhooUISDK:
    :git: https://github.com/karhoo/karhoo-ios-ui-sdk.git
    :tag: 1.9.0

CHECKOUT OPTIONS:
  KarhooUISDK:
    :git: https://github.com/karhoo/karhoo-ios-ui-sdk.git
    :tag: 1.9.0

SPEC CHECKSUMS:
  FloatingPanel: 579a5ac0154f923a9d7302c4f13dbc0268511c92
  KarhooSDK: ecdd7cdcaa76f2a3d52e3b2331414fde6c7d770e
  KarhooUISDK: a2f3406f3b8a2f0a93cfc6412f864f121e0397a2
  KeychainSwift: d5e776578587ee5958ce36601df22f168f65138a
  PhoneNumberKit: ff153d5e299f6da566cb73c6aa71e354933b2932
  ReachabilitySwift: 985039c6f7b23a1da463388634119492ff86c825
  SwiftSpinner: f9b59477fe107427f2b5b835497d6636fa167ede

PODFILE CHECKSUM: 7be1fbc719579c7bff267cabde1a976bfddb6e2e

COCOAPODS: 1.11.3
