PODS:
  - Braintree/Card (4.36.1):
    - Braintree/Core
  - Braintree/Core (4.36.1)
  - Braintree/PaymentFlow (4.36.1):
    - Braintree/Card
    - Braintree/Core
    - Braintree/PayPalOneTouch
  - Braintree/PayPal (4.36.1):
    - Braintree/Core
    - Braintree/PayPalOneTouch
  - Braintree/PayPalDataCollector (4.36.1):
    - Braintree/Core
    - Braintree/PayPalUtils
  - Braintree/PayPalOneTouch (4.36.1):
    - Braintree/Core
    - Braintree/PayPalDataCollector
    - Braintree/PayPalUtils
  - Braintree/PayPalUtils (4.36.1)
  - Braintree/UnionPay (4.36.1):
    - Braintree/Card
    - Braintree/Core
  - BraintreeDropIn (8.1.2):
    - BraintreeDropIn/DropIn (= 8.1.2)
  - BraintreeDropIn/DropIn (8.1.2):
    - Braintree/Card (~> 4.32)
    - Braintree/Core (~> 4.32)
    - Braintree/PaymentFlow (~> 4.32)
    - Braintree/PayPal (~> 4.32)
    - Braintree/UnionPay (~> 4.32)
    - BraintreeDropIn/UIKit
  - BraintreeDropIn/UIKit (8.1.2)
  - KarhooSDK (1.5.0):
    - KeychainSwift (= 12.0.0)
    - ReachabilitySwift (= 5.0.0)
  - KeychainSwift (12.0.0)
  - ReachabilitySwift (5.0.0)

DEPENDENCIES:
  - Braintree/PaymentFlow
  - BraintreeDropIn
  - KarhooSDK (= 1.5.0)

SPEC REPOS:
  https://github.com/CocoaPods/Specs.git:
    - Braintree
    - BraintreeDropIn
    - KarhooSDK
    - KeychainSwift
    - ReachabilitySwift

SPEC CHECKSUMS:
  Braintree: f7e0e9a5030e22b8ad77e617f27ac9327d7bc004
  BraintreeDropIn: 50b79151c55f2ffbfbbf9157c2d07d8e85479588
  KarhooSDK: da935abbbd4e6742ec7dabb97364fbb2ffc5ffaf
  KeychainSwift: d5e776578587ee5958ce36601df22f168f65138a
  ReachabilitySwift: 985039c6f7b23a1da463388634119492ff86c825

PODFILE CHECKSUM: f889c9d4a0049e5841bb85f3ca452f8ef48f9d60

COCOAPODS: 1.10.1
