{
  "object": {
    "pins": [
      {
        "package": "KarhooSDK",
        "repositoryURL": "https://github.com/karhoo/karhoo-ios-sdk",
        "state": {
          "branch": null,
          "revision": "4bca433a00eeabae64c5c7be6645575e056faffa",
          "version": "1.2.3"
        }
      },
      {
        "package": "KeychainSwift",
        "repositoryURL": "https://github.com/evgenyneu/keychain-swift",
        "state": {
          "branch": null,
          "revision": "96fb84f45a96630e7583903bd7e08cf095c7a7ef",
          "version": "19.0.0"
        }
      },
      {
        "package": "Reachability",
        "repositoryURL": "https://github.com/ashleymills/Reachability.swift",
        "state": {
          "branch": null,
          "revision": "c01bbdf2d633cf049ae1ed1a68a2020a8bda32e2",
          "version": "5.1.0"
        }
      }
    ]
  },
  "version": 1
}
