// !$*UTF8*$!
{
	archiveVersion = 1;
	classes = {
	};
	objectVersion = 51;
	objects = {

/* Begin PBXBuildFile section */
		87F3CF21BB90F463534C7152 /* Pods_Network_SDK_SwiftUI_Sample.framework in Frameworks */ = {isa = PBXBuildFile; fileRef = 1A982C2AB9E10C94D9B4F1BB /* Pods_Network_SDK_SwiftUI_Sample.framework */; };
		AE019B0C24E594F5000DDAF0 /* AppDelegate.swift in Sources */ = {isa = PBXBuildFile; fileRef = AE019B0B24E594F5000DDAF0 /* AppDelegate.swift */; };
		AE019B0E24E594F5000DDAF0 /* SceneDelegate.swift in Sources */ = {isa = PBXBuildFile; fileRef = AE019B0D24E594F5000DDAF0 /* SceneDelegate.swift */; };
		AE019B1224E594F9000DDAF0 /* Assets.xcassets in Resources */ = {isa = PBXBuildFile; fileRef = AE019B1124E594F9000DDAF0 /* Assets.xcassets */; };
		AE019B1524E594F9000DDAF0 /* Preview Assets.xcassets in Resources */ = {isa = PBXBuildFile; fileRef = AE019B1424E594F9000DDAF0 /* Preview Assets.xcassets */; };
		AE019B1824E594F9000DDAF0 /* LaunchScreen.storyboard in Resources */ = {isa = PBXBuildFile; fileRef = AE019B1624E594F9000DDAF0 /* LaunchScreen.storyboard */; };
		AE019B2124E59610000DDAF0 /* TabedView.swift in Sources */ = {isa = PBXBuildFile; fileRef = AE019B2024E59610000DDAF0 /* TabedView.swift */; };
		AE019B2824E5972B000DDAF0 /* ConfigurationView.swift in Sources */ = {isa = PBXBuildFile; fileRef = AE019B2724E5972B000DDAF0 /* ConfigurationView.swift */; };
		AE019B2A24E59758000DDAF0 /* TripPlanningView.swift in Sources */ = {isa = PBXBuildFile; fileRef = AE019B2924E59758000DDAF0 /* TripPlanningView.swift */; };
		AE019B2C24E5977A000DDAF0 /* TripQuotesView.swift in Sources */ = {isa = PBXBuildFile; fileRef = AE019B2B24E5977A000DDAF0 /* TripQuotesView.swift */; };
		AE019B2E24E597A1000DDAF0 /* TripBookingView.swift in Sources */ = {isa = PBXBuildFile; fileRef = AE019B2D24E597A1000DDAF0 /* TripBookingView.swift */; };
		AE019B3024E597C5000DDAF0 /* TripTrackingView.swift in Sources */ = {isa = PBXBuildFile; fileRef = AE019B2F24E597C5000DDAF0 /* TripTrackingView.swift */; };
		AE019B3324E5E42D000DDAF0 /* KarhooSandboxConfiguration.swift in Sources */ = {isa = PBXBuildFile; fileRef = AE019B3224E5E42D000DDAF0 /* KarhooSandboxConfiguration.swift */; };
		AE019B3724E5F18F000DDAF0 /* BookingStatus.swift in Sources */ = {isa = PBXBuildFile; fileRef = AE019B3624E5F18F000DDAF0 /* BookingStatus.swift */; };
		AE019B3924E5FA12000DDAF0 /* TripPlanningContract.swift in Sources */ = {isa = PBXBuildFile; fileRef = AE019B3824E5FA12000DDAF0 /* TripPlanningContract.swift */; };
		AED055AF24E8A407007AF368 /* QuoteListStatus.swift in Sources */ = {isa = PBXBuildFile; fileRef = AED055AE24E8A407007AF368 /* QuoteListStatus.swift */; };
		AED055B124E9D1EF007AF368 /* QuotesListModel.swift in Sources */ = {isa = PBXBuildFile; fileRef = AED055B024E9D1EF007AF368 /* QuotesListModel.swift */; };
/* End PBXBuildFile section */

/* Begin PBXFileReference section */
		1A982C2AB9E10C94D9B4F1BB /* Pods_Network_SDK_SwiftUI_Sample.framework */ = {isa = PBXFileReference; explicitFileType = wrapper.framework; includeInIndex = 0; path = Pods_Network_SDK_SwiftUI_Sample.framework; sourceTree = BUILT_PRODUCTS_DIR; };
		62A8C658933C03DE0713F100 /* Pods-Network SDK SwiftUI Sample.debug.xcconfig */ = {isa = PBXFileReference; includeInIndex = 1; lastKnownFileType = text.xcconfig; name = "Pods-Network SDK SwiftUI Sample.debug.xcconfig"; path = "Target Support Files/Pods-Network SDK SwiftUI Sample/Pods-Network SDK SwiftUI Sample.debug.xcconfig"; sourceTree = "<group>"; };
		AE019B0824E594F5000DDAF0 /* Network SDK SwiftUI Sample.app */ = {isa = PBXFileReference; explicitFileType = wrapper.application; includeInIndex = 0; path = "Network SDK SwiftUI Sample.app"; sourceTree = BUILT_PRODUCTS_DIR; };
		AE019B0B24E594F5000DDAF0 /* AppDelegate.swift */ = {isa = PBXFileReference; lastKnownFileType = sourcecode.swift; path = AppDelegate.swift; sourceTree = "<group>"; };
		AE019B0D24E594F5000DDAF0 /* SceneDelegate.swift */ = {isa = PBXFileReference; lastKnownFileType = sourcecode.swift; path = SceneDelegate.swift; sourceTree = "<group>"; };
		AE019B1124E594F9000DDAF0 /* Assets.xcassets */ = {isa = PBXFileReference; lastKnownFileType = folder.assetcatalog; path = Assets.xcassets; sourceTree = "<group>"; };
		AE019B1424E594F9000DDAF0 /* Preview Assets.xcassets */ = {isa = PBXFileReference; lastKnownFileType = folder.assetcatalog; path = "Preview Assets.xcassets"; sourceTree = "<group>"; };
		AE019B1724E594F9000DDAF0 /* Base */ = {isa = PBXFileReference; lastKnownFileType = file.storyboard; name = Base; path = Base.lproj/LaunchScreen.storyboard; sourceTree = "<group>"; };
		AE019B1924E594F9000DDAF0 /* Info.plist */ = {isa = PBXFileReference; lastKnownFileType = text.plist.xml; path = Info.plist; sourceTree = "<group>"; };
		AE019B2024E59610000DDAF0 /* TabedView.swift */ = {isa = PBXFileReference; lastKnownFileType = sourcecode.swift; path = TabedView.swift; sourceTree = "<group>"; };
		AE019B2724E5972B000DDAF0 /* ConfigurationView.swift */ = {isa = PBXFileReference; lastKnownFileType = sourcecode.swift; path = ConfigurationView.swift; sourceTree = "<group>"; };
		AE019B2924E59758000DDAF0 /* TripPlanningView.swift */ = {isa = PBXFileReference; lastKnownFileType = sourcecode.swift; path = TripPlanningView.swift; sourceTree = "<group>"; };
		AE019B2B24E5977A000DDAF0 /* TripQuotesView.swift */ = {isa = PBXFileReference; lastKnownFileType = sourcecode.swift; path = TripQuotesView.swift; sourceTree = "<group>"; };
		AE019B2D24E597A1000DDAF0 /* TripBookingView.swift */ = {isa = PBXFileReference; lastKnownFileType = sourcecode.swift; path = TripBookingView.swift; sourceTree = "<group>"; };
		AE019B2F24E597C5000DDAF0 /* TripTrackingView.swift */ = {isa = PBXFileReference; lastKnownFileType = sourcecode.swift; path = TripTrackingView.swift; sourceTree = "<group>"; };
		AE019B3224E5E42D000DDAF0 /* KarhooSandboxConfiguration.swift */ = {isa = PBXFileReference; lastKnownFileType = sourcecode.swift; path = KarhooSandboxConfiguration.swift; sourceTree = "<group>"; };
		AE019B3624E5F18F000DDAF0 /* BookingStatus.swift */ = {isa = PBXFileReference; lastKnownFileType = sourcecode.swift; path = BookingStatus.swift; sourceTree = "<group>"; };
		AE019B3824E5FA12000DDAF0 /* TripPlanningContract.swift */ = {isa = PBXFileReference; lastKnownFileType = sourcecode.swift; path = TripPlanningContract.swift; sourceTree = "<group>"; };
		AED055AE24E8A407007AF368 /* QuoteListStatus.swift */ = {isa = PBXFileReference; lastKnownFileType = sourcecode.swift; path = QuoteListStatus.swift; sourceTree = "<group>"; };
		AED055B024E9D1EF007AF368 /* QuotesListModel.swift */ = {isa = PBXFileReference; lastKnownFileType = sourcecode.swift; path = QuotesListModel.swift; sourceTree = "<group>"; };
		B8C1B544C42B6C0CEB6FDF32 /* Pods-Network SDK SwiftUI Sample.release.xcconfig */ = {isa = PBXFileReference; includeInIndex = 1; lastKnownFileType = text.xcconfig; name = "Pods-Network SDK SwiftUI Sample.release.xcconfig"; path = "Target Support Files/Pods-Network SDK SwiftUI Sample/Pods-Network SDK SwiftUI Sample.release.xcconfig"; sourceTree = "<group>"; };
/* End PBXFileReference section */

/* Begin PBXFrameworksBuildPhase section */
		AE019B0524E594F5000DDAF0 /* Frameworks */ = {
			isa = PBXFrameworksBuildPhase;
			buildActionMask = 2147483647;
			files = (
				87F3CF21BB90F463534C7152 /* Pods_Network_SDK_SwiftUI_Sample.framework in Frameworks */,
			);
			runOnlyForDeploymentPostprocessing = 0;
		};
/* End PBXFrameworksBuildPhase section */

/* Begin PBXGroup section */
		19210FF7E6C327FC7E828013 /* Frameworks */ = {
			isa = PBXGroup;
			children = (
				1A982C2AB9E10C94D9B4F1BB /* Pods_Network_SDK_SwiftUI_Sample.framework */,
			);
			name = Frameworks;
			sourceTree = "<group>";
		};
		65F1E3FC3A25050CD0D51539 /* Pods */ = {
			isa = PBXGroup;
			children = (
				62A8C658933C03DE0713F100 /* Pods-Network SDK SwiftUI Sample.debug.xcconfig */,
				B8C1B544C42B6C0CEB6FDF32 /* Pods-Network SDK SwiftUI Sample.release.xcconfig */,
			);
			path = Pods;
			sourceTree = "<group>";
		};
		AE019AFF24E594F5000DDAF0 = {
			isa = PBXGroup;
			children = (
				AE019B0A24E594F5000DDAF0 /* Network SDK SwiftUI Sample */,
				AE019B0924E594F5000DDAF0 /* Products */,
				65F1E3FC3A25050CD0D51539 /* Pods */,
				19210FF7E6C327FC7E828013 /* Frameworks */,
			);
			sourceTree = "<group>";
		};
		AE019B0924E594F5000DDAF0 /* Products */ = {
			isa = PBXGroup;
			children = (
				AE019B0824E594F5000DDAF0 /* Network SDK SwiftUI Sample.app */,
			);
			name = Products;
			sourceTree = "<group>";
		};
		AE019B0A24E594F5000DDAF0 /* Network SDK SwiftUI Sample */ = {
			isa = PBXGroup;
			children = (
				AE019B3124E5E3E0000DDAF0 /* Config */,
				AE019B1F24E595E2000DDAF0 /* UI */,
				AE019B0B24E594F5000DDAF0 /* AppDelegate.swift */,
				AE019B0D24E594F5000DDAF0 /* SceneDelegate.swift */,
				AE019B1124E594F9000DDAF0 /* Assets.xcassets */,
				AE019B1624E594F9000DDAF0 /* LaunchScreen.storyboard */,
				AE019B1924E594F9000DDAF0 /* Info.plist */,
				AE019B1324E594F9000DDAF0 /* Preview Content */,
			);
			path = "Network SDK SwiftUI Sample";
			sourceTree = "<group>";
		};
		AE019B1324E594F9000DDAF0 /* Preview Content */ = {
			isa = PBXGroup;
			children = (
				AE019B1424E594F9000DDAF0 /* Preview Assets.xcassets */,
			);
			path = "Preview Content";
			sourceTree = "<group>";
		};
		AE019B1F24E595E2000DDAF0 /* UI */ = {
			isa = PBXGroup;
			children = (
				AE019B2224E596B4000DDAF0 /* Configuration */,
				AE019B2324E596D9000DDAF0 /* Planning */,
				AE019B2424E596E7000DDAF0 /* Quotes */,
				AE019B2524E596F5000DDAF0 /* Booking */,
				AE019B2624E596FD000DDAF0 /* Tracking */,
				AE019B2024E59610000DDAF0 /* TabedView.swift */,
			);
			path = UI;
			sourceTree = "<group>";
		};
		AE019B2224E596B4000DDAF0 /* Configuration */ = {
			isa = PBXGroup;
			children = (
				AE019B2724E5972B000DDAF0 /* ConfigurationView.swift */,
			);
			path = Configuration;
			sourceTree = "<group>";
		};
		AE019B2324E596D9000DDAF0 /* Planning */ = {
			isa = PBXGroup;
			children = (
				AE019B2924E59758000DDAF0 /* TripPlanningView.swift */,
				AE019B3624E5F18F000DDAF0 /* BookingStatus.swift */,
				AE019B3824E5FA12000DDAF0 /* TripPlanningContract.swift */,
			);
			path = Planning;
			sourceTree = "<group>";
		};
		AE019B2424E596E7000DDAF0 /* Quotes */ = {
			isa = PBXGroup;
			children = (
				AE019B2B24E5977A000DDAF0 /* TripQuotesView.swift */,
				AED055AE24E8A407007AF368 /* QuoteListStatus.swift */,
				AED055B024E9D1EF007AF368 /* QuotesListModel.swift */,
			);
			path = Quotes;
			sourceTree = "<group>";
		};
		AE019B2524E596F5000DDAF0 /* Booking */ = {
			isa = PBXGroup;
			children = (
				AE019B2D24E597A1000DDAF0 /* TripBookingView.swift */,
			);
			path = Booking;
			sourceTree = "<group>";
		};
		AE019B2624E596FD000DDAF0 /* Tracking */ = {
			isa = PBXGroup;
			children = (
				AE019B2F24E597C5000DDAF0 /* TripTrackingView.swift */,
			);
			path = Tracking;
			sourceTree = "<group>";
		};
		AE019B3124E5E3E0000DDAF0 /* Config */ = {
			isa = PBXGroup;
			children = (
				AE019B3224E5E42D000DDAF0 /* KarhooSandboxConfiguration.swift */,
			);
			path = Config;
			sourceTree = "<group>";
		};
/* End PBXGroup section */

/* Begin PBXNativeTarget section */
		AE019B0724E594F5000DDAF0 /* Network SDK SwiftUI Sample */ = {
			isa = PBXNativeTarget;
			buildConfigurationList = AE019B1C24E594F9000DDAF0 /* Build configuration list for PBXNativeTarget "Network SDK SwiftUI Sample" */;
			buildPhases = (
				0C5CC2EBF602A364623E9A34 /* [CP] Check Pods Manifest.lock */,
				AE019B0424E594F5000DDAF0 /* Sources */,
				AE019B0524E594F5000DDAF0 /* Frameworks */,
				AE019B0624E594F5000DDAF0 /* Resources */,
				6A2A3E5B83E978C30516985E /* [CP] Embed Pods Frameworks */,
			);
			buildRules = (
			);
			dependencies = (
			);
			name = "Network SDK SwiftUI Sample";
			productName = "Network SDK SwiftUI Sample";
			productReference = AE019B0824E594F5000DDAF0 /* Network SDK SwiftUI Sample.app */;
			productType = "com.apple.product-type.application";
		};
/* End PBXNativeTarget section */

/* Begin PBXProject section */
		AE019B0024E594F5000DDAF0 /* Project object */ = {
			isa = PBXProject;
			attributes = {
				LastSwiftUpdateCheck = 1160;
				LastUpgradeCheck = 1160;
				ORGANIZATIONNAME = Karhoo;
				TargetAttributes = {
					AE019B0724E594F5000DDAF0 = {
						CreatedOnToolsVersion = 11.6;
					};
				};
			};
			buildConfigurationList = AE019B0324E594F5000DDAF0 /* Build configuration list for PBXProject "Network SDK SwiftUI Sample" */;
			compatibilityVersion = "Xcode 9.3";
			developmentRegion = en;
			hasScannedForEncodings = 0;
			knownRegions = (
				en,
				Base,
			);
			mainGroup = AE019AFF24E594F5000DDAF0;
			productRefGroup = AE019B0924E594F5000DDAF0 /* Products */;
			projectDirPath = "";
			projectRoot = "";
			targets = (
				AE019B0724E594F5000DDAF0 /* Network SDK SwiftUI Sample */,
			);
		};
/* End PBXProject section */

/* Begin PBXResourcesBuildPhase section */
		AE019B0624E594F5000DDAF0 /* Resources */ = {
			isa = PBXResourcesBuildPhase;
			buildActionMask = 2147483647;
			files = (
				AE019B1824E594F9000DDAF0 /* LaunchScreen.storyboard in Resources */,
				AE019B1524E594F9000DDAF0 /* Preview Assets.xcassets in Resources */,
				AE019B1224E594F9000DDAF0 /* Assets.xcassets in Resources */,
			);
			runOnlyForDeploymentPostprocessing = 0;
		};
/* End PBXResourcesBuildPhase section */

/* Begin PBXShellScriptBuildPhase section */
		0C5CC2EBF602A364623E9A34 /* [CP] Check Pods Manifest.lock */ = {
			isa = PBXShellScriptBuildPhase;
			buildActionMask = 2147483647;
			files = (
			);
			inputFileListPaths = (
			);
			inputPaths = (
				"${PODS_PODFILE_DIR_PATH}/Podfile.lock",
				"${PODS_ROOT}/Manifest.lock",
			);
			name = "[CP] Check Pods Manifest.lock";
			outputFileListPaths = (
			);
			outputPaths = (
				"$(DERIVED_FILE_DIR)/Pods-Network SDK SwiftUI Sample-checkManifestLockResult.txt",
			);
			runOnlyForDeploymentPostprocessing = 0;
			shellPath = /bin/sh;
			shellScript = "diff \"${PODS_PODFILE_DIR_PATH}/Podfile.lock\" \"${PODS_ROOT}/Manifest.lock\" > /dev/null\nif [ $? != 0 ] ; then\n    # print error to STDERR\n    echo \"error: The sandbox is not in sync with the Podfile.lock. Run 'pod install' or update your CocoaPods installation.\" >&2\n    exit 1\nfi\n# This output is used by Xcode 'outputs' to avoid re-running this script phase.\necho \"SUCCESS\" > \"${SCRIPT_OUTPUT_FILE_0}\"\n";
			showEnvVarsInLog = 0;
		};
		6A2A3E5B83E978C30516985E /* [CP] Embed Pods Frameworks */ = {
			isa = PBXShellScriptBuildPhase;
			buildActionMask = 2147483647;
			files = (
			);
			inputFileListPaths = (
				"${PODS_ROOT}/Target Support Files/Pods-Network SDK SwiftUI Sample/Pods-Network SDK SwiftUI Sample-frameworks-${CONFIGURATION}-input-files.xcfilelist",
			);
			name = "[CP] Embed Pods Frameworks";
			outputFileListPaths = (
				"${PODS_ROOT}/Target Support Files/Pods-Network SDK SwiftUI Sample/Pods-Network SDK SwiftUI Sample-frameworks-${CONFIGURATION}-output-files.xcfilelist",
			);
			runOnlyForDeploymentPostprocessing = 0;
			shellPath = /bin/sh;
			shellScript = "\"${PODS_ROOT}/Target Support Files/Pods-Network SDK SwiftUI Sample/Pods-Network SDK SwiftUI Sample-frameworks.sh\"\n";
			showEnvVarsInLog = 0;
		};
/* End PBXShellScriptBuildPhase section */

/* Begin PBXSourcesBuildPhase section */
		AE019B0424E594F5000DDAF0 /* Sources */ = {
			isa = PBXSourcesBuildPhase;
			buildActionMask = 2147483647;
			files = (
				AE019B0C24E594F5000DDAF0 /* AppDelegate.swift in Sources */,
				AE019B3924E5FA12000DDAF0 /* TripPlanningContract.swift in Sources */,
				AE019B3024E597C5000DDAF0 /* TripTrackingView.swift in Sources */,
				AE019B3724E5F18F000DDAF0 /* BookingStatus.swift in Sources */,
				AE019B2824E5972B000DDAF0 /* ConfigurationView.swift in Sources */,
				AE019B2A24E59758000DDAF0 /* TripPlanningView.swift in Sources */,
				AE019B2E24E597A1000DDAF0 /* TripBookingView.swift in Sources */,
				AE019B2124E59610000DDAF0 /* TabedView.swift in Sources */,
				AED055AF24E8A407007AF368 /* QuoteListStatus.swift in Sources */,
				AE019B3324E5E42D000DDAF0 /* KarhooSandboxConfiguration.swift in Sources */,
				AED055B124E9D1EF007AF368 /* QuotesListModel.swift in Sources */,
				AE019B0E24E594F5000DDAF0 /* SceneDelegate.swift in Sources */,
				AE019B2C24E5977A000DDAF0 /* TripQuotesView.swift in Sources */,
			);
			runOnlyForDeploymentPostprocessing = 0;
		};
/* End PBXSourcesBuildPhase section */

/* Begin PBXVariantGroup section */
		AE019B1624E594F9000DDAF0 /* LaunchScreen.storyboard */ = {
			isa = PBXVariantGroup;
			children = (
				AE019B1724E594F9000DDAF0 /* Base */,
			);
			name = LaunchScreen.storyboard;
			sourceTree = "<group>";
		};
/* End PBXVariantGroup section */

/* Begin XCBuildConfiguration section */
		AE019B1A24E594F9000DDAF0 /* Debug */ = {
			isa = XCBuildConfiguration;
			buildSettings = {
				ALWAYS_SEARCH_USER_PATHS = NO;
				CLANG_ANALYZER_NONNULL = YES;
				CLANG_ANALYZER_NUMBER_OBJECT_CONVERSION = YES_AGGRESSIVE;
				CLANG_CXX_LANGUAGE_STANDARD = "gnu++14";
				CLANG_CXX_LIBRARY = "libc++";
				CLANG_ENABLE_MODULES = YES;
				CLANG_ENABLE_OBJC_ARC = YES;
				CLANG_ENABLE_OBJC_WEAK = YES;
				CLANG_WARN_BLOCK_CAPTURE_AUTORELEASING = YES;
				CLANG_WARN_BOOL_CONVERSION = YES;
				CLANG_WARN_COMMA = YES;
				CLANG_WARN_CONSTANT_CONVERSION = YES;
				CLANG_WARN_DEPRECATED_OBJC_IMPLEMENTATIONS = YES;
				CLANG_WARN_DIRECT_OBJC_ISA_USAGE = YES_ERROR;
				CLANG_WARN_DOCUMENTATION_COMMENTS = YES;
				CLANG_WARN_EMPTY_BODY = YES;
				CLANG_WARN_ENUM_CONVERSION = YES;
				CLANG_WARN_INFINITE_RECURSION = YES;
				CLANG_WARN_INT_CONVERSION = YES;
				CLANG_WARN_NON_LITERAL_NULL_CONVERSION = YES;
				CLANG_WARN_OBJC_IMPLICIT_RETAIN_SELF = YES;
				CLANG_WARN_OBJC_LITERAL_CONVERSION = YES;
				CLANG_WARN_OBJC_ROOT_CLASS = YES_ERROR;
				CLANG_WARN_RANGE_LOOP_ANALYSIS = YES;
				CLANG_WARN_STRICT_PROTOTYPES = YES;
				CLANG_WARN_SUSPICIOUS_MOVE = YES;
				CLANG_WARN_UNGUARDED_AVAILABILITY = YES_AGGRESSIVE;
				CLANG_WARN_UNREACHABLE_CODE = YES;
				CLANG_WARN__DUPLICATE_METHOD_MATCH = YES;
				COPY_PHASE_STRIP = NO;
				DEBUG_INFORMATION_FORMAT = dwarf;
				ENABLE_STRICT_OBJC_MSGSEND = YES;
				ENABLE_TESTABILITY = YES;
				GCC_C_LANGUAGE_STANDARD = gnu11;
				GCC_DYNAMIC_NO_PIC = NO;
				GCC_NO_COMMON_BLOCKS = YES;
				GCC_OPTIMIZATION_LEVEL = 0;
				GCC_PREPROCESSOR_DEFINITIONS = (
					"DEBUG=1",
					"$(inherited)",
				);
				GCC_WARN_64_TO_32_BIT_CONVERSION = YES;
				GCC_WARN_ABOUT_RETURN_TYPE = YES_ERROR;
				GCC_WARN_UNDECLARED_SELECTOR = YES;
				GCC_WARN_UNINITIALIZED_AUTOS = YES_AGGRESSIVE;
				GCC_WARN_UNUSED_FUNCTION = YES;
				GCC_WARN_UNUSED_VARIABLE = YES;
				IPHONEOS_DEPLOYMENT_TARGET = 13.6;
				MTL_ENABLE_DEBUG_INFO = INCLUDE_SOURCE;
				MTL_FAST_MATH = YES;
				ONLY_ACTIVE_ARCH = YES;
				SDKROOT = iphoneos;
				SWIFT_ACTIVE_COMPILATION_CONDITIONS = DEBUG;
				SWIFT_OPTIMIZATION_LEVEL = "-Onone";
			};
			name = Debug;
		};
		AE019B1B24E594F9000DDAF0 /* Release */ = {
			isa = XCBuildConfiguration;
			buildSettings = {
				ALWAYS_SEARCH_USER_PATHS = NO;
				CLANG_ANALYZER_NONNULL = YES;
				CLANG_ANALYZER_NUMBER_OBJECT_CONVERSION = YES_AGGRESSIVE;
				CLANG_CXX_LANGUAGE_STANDARD = "gnu++14";
				CLANG_CXX_LIBRARY = "libc++";
				CLANG_ENABLE_MODULES = YES;
				CLANG_ENABLE_OBJC_ARC = YES;
				CLANG_ENABLE_OBJC_WEAK = YES;
				CLANG_WARN_BLOCK_CAPTURE_AUTORELEASING = YES;
				CLANG_WARN_BOOL_CONVERSION = YES;
				CLANG_WARN_COMMA = YES;
				CLANG_WARN_CONSTANT_CONVERSION = YES;
				CLANG_WARN_DEPRECATED_OBJC_IMPLEMENTATIONS = YES;
				CLANG_WARN_DIRECT_OBJC_ISA_USAGE = YES_ERROR;
				CLANG_WARN_DOCUMENTATION_COMMENTS = YES;
				CLANG_WARN_EMPTY_BODY = YES;
				CLANG_WARN_ENUM_CONVERSION = YES;
				CLANG_WARN_INFINITE_RECURSION = YES;
				CLANG_WARN_INT_CONVERSION = YES;
				CLANG_WARN_NON_LITERAL_NULL_CONVERSION = YES;
				CLANG_WARN_OBJC_IMPLICIT_RETAIN_SELF = YES;
				CLANG_WARN_OBJC_LITERAL_CONVERSION = YES;
				CLANG_WARN_OBJC_ROOT_CLASS = YES_ERROR;
				CLANG_WARN_RANGE_LOOP_ANALYSIS = YES;
				CLANG_WARN_STRICT_PROTOTYPES = YES;
				CLANG_WARN_SUSPICIOUS_MOVE = YES;
				CLANG_WARN_UNGUARDED_AVAILABILITY = YES_AGGRESSIVE;
				CLANG_WARN_UNREACHABLE_CODE = YES;
				CLANG_WARN__DUPLICATE_METHOD_MATCH = YES;
				COPY_PHASE_STRIP = NO;
				DEBUG_INFORMATION_FORMAT = "dwarf-with-dsym";
				ENABLE_NS_ASSERTIONS = NO;
				ENABLE_STRICT_OBJC_MSGSEND = YES;
				GCC_C_LANGUAGE_STANDARD = gnu11;
				GCC_NO_COMMON_BLOCKS = YES;
				GCC_WARN_64_TO_32_BIT_CONVERSION = YES;
				GCC_WARN_ABOUT_RETURN_TYPE = YES_ERROR;
				GCC_WARN_UNDECLARED_SELECTOR = YES;
				GCC_WARN_UNINITIALIZED_AUTOS = YES_AGGRESSIVE;
				GCC_WARN_UNUSED_FUNCTION = YES;
				GCC_WARN_UNUSED_VARIABLE = YES;
				IPHONEOS_DEPLOYMENT_TARGET = 13.6;
				MTL_ENABLE_DEBUG_INFO = NO;
				MTL_FAST_MATH = YES;
				SDKROOT = iphoneos;
				SWIFT_COMPILATION_MODE = wholemodule;
				SWIFT_OPTIMIZATION_LEVEL = "-O";
				VALIDATE_PRODUCT = YES;
			};
			name = Release;
		};
		AE019B1D24E594F9000DDAF0 /* Debug */ = {
			isa = XCBuildConfiguration;
			baseConfigurationReference = 62A8C658933C03DE0713F100 /* Pods-Network SDK SwiftUI Sample.debug.xcconfig */;
			buildSettings = {
				ASSETCATALOG_COMPILER_APPICON_NAME = AppIcon;
				CODE_SIGN_STYLE = Automatic;
				DEVELOPMENT_ASSET_PATHS = "\"Network SDK SwiftUI Sample/Preview Content\"";
				DEVELOPMENT_TEAM = LCMWUQ25Q9;
				ENABLE_PREVIEWS = YES;
				INFOPLIST_FILE = "Network SDK SwiftUI Sample/Info.plist";
				LD_RUNPATH_SEARCH_PATHS = (
					"$(inherited)",
					"@executable_path/Frameworks",
				);
				PRODUCT_BUNDLE_IDENTIFIER = "com.karhoo.samples.Network-SDK-SwiftUI-Sample";
				PRODUCT_NAME = "$(TARGET_NAME)";
				SWIFT_VERSION = 5.0;
				TARGETED_DEVICE_FAMILY = "1,2";
			};
			name = Debug;
		};
		AE019B1E24E594F9000DDAF0 /* Release */ = {
			isa = XCBuildConfiguration;
			baseConfigurationReference = B8C1B544C42B6C0CEB6FDF32 /* Pods-Network SDK SwiftUI Sample.release.xcconfig */;
			buildSettings = {
				ASSETCATALOG_COMPILER_APPICON_NAME = AppIcon;
				CODE_SIGN_STYLE = Automatic;
				DEVELOPMENT_ASSET_PATHS = "\"Network SDK SwiftUI Sample/Preview Content\"";
				DEVELOPMENT_TEAM = LCMWUQ25Q9;
				ENABLE_PREVIEWS = YES;
				INFOPLIST_FILE = "Network SDK SwiftUI Sample/Info.plist";
				LD_RUNPATH_SEARCH_PATHS = (
					"$(inherited)",
					"@executable_path/Frameworks",
				);
				PRODUCT_BUNDLE_IDENTIFIER = "com.karhoo.samples.Network-SDK-SwiftUI-Sample";
				PRODUCT_NAME = "$(TARGET_NAME)";
				SWIFT_VERSION = 5.0;
				TARGETED_DEVICE_FAMILY = "1,2";
			};
			name = Release;
		};
/* End XCBuildConfiguration section */

/* Begin XCConfigurationList section */
		AE019B0324E594F5000DDAF0 /* Build configuration list for PBXProject "Network SDK SwiftUI Sample" */ = {
			isa = XCConfigurationList;
			buildConfigurations = (
				AE019B1A24E594F9000DDAF0 /* Debug */,
				AE019B1B24E594F9000DDAF0 /* Release */,
			);
			defaultConfigurationIsVisible = 0;
			defaultConfigurationName = Release;
		};
		AE019B1C24E594F9000DDAF0 /* Build configuration list for PBXNativeTarget "Network SDK SwiftUI Sample" */ = {
			isa = XCConfigurationList;
			buildConfigurations = (
				AE019B1D24E594F9000DDAF0 /* Debug */,
				AE019B1E24E594F9000DDAF0 /* Release */,
			);
			defaultConfigurationIsVisible = 0;
			defaultConfigurationName = Release;
		};
/* End XCConfigurationList section */
	};
	rootObject = AE019B0024E594F5000DDAF0 /* Project object */;
}
